
Microsoft Visual Studio Solution File, Format Version 12.00
# Visual Studio 2013
VisualStudioVersion = 12.0.21005.1
MinimumVisualStudioVersion = 10.0.40219.1
Project("{8BC9CEB8-8B4A-11D0-8D11-00A0C91BC942}") = "ACM_Programfan", "ACM_Programfan\ACM_Programfan.vcxproj", "{5757618B-DC3F-42A1-AC41-AF989651FA09}"
EndProject
Project("{8BC9CEB8-8B4A-11D0-8D11-00A0C91BC942}") = "[LeetCode]Two Sum", "[LeetCode]Two Sum\[LeetCode]Two Sum.vcxproj", "{D3E7D9F6-7F8D-4C3E-A5BC-FA41632DF6A9}"
EndProject
Project("{8BC9CEB8-8B4A-11D0-8D11-00A0C91BC942}") = "[LeetCode]Add Two Numbers", "[LeetCode]Add Two Numbers\[LeetCode]Add Two Numbers.vcxproj", "{78271B3F-07B0-4BE1-B3B6-E1BB3ED44217}"
EndProject
Project("{8BC9CEB8-8B4A-11D0-8D11-00A0C91BC942}") = "[LeetCode]Longest Substring Without Repeating Characters", "[LeetCode]Longest Substring Without Repeating Characters\[LeetCode]Longest Substring Without Repeating Characters.vcxproj", "{5B1D28F8-7CDB-4073-B217-A47AA1633995}"
EndProject
Project("{8BC9CEB8-8B4A-11D0-8D11-00A0C91BC942}") = "[LeetCode]Median of Two Sorted Arrays", "[LeetCode]Median of Two Sorted Arrays\[LeetCode]Median of Two Sorted Arrays.vcxproj", "{0ED98D41-D353-4806-BF65-A7B4EFF391B8}"
EndProject
Project("{8BC9CEB8-8B4A-11D0-8D11-00A0C91BC942}") = "[LeetCode]Longest Palindromic Substring", "[LeetCode]Longest Palindromic Substring\[LeetCode]Longest Palindromic Substring.vcxproj", "{F0EB4EF4-E068-4D3E-A55A-ED889AED7881}"
EndProject
Project("{8BC9CEB8-8B4A-11D0-8D11-00A0C91BC942}") = "[LeetCode]ZigZag Conversion", "[LeetCode]ZigZag Conversion\[LeetCode]ZigZag Conversion.vcxproj", "{C90625AB-7429-43D9-80FD-5573C80BEA93}"
EndProject
Project("{8BC9CEB8-8B4A-11D0-8D11-00A0C91BC942}") = "[LeetCode]Reverse Integer", "[LeetCode]Reverse Integer\[LeetCode]Reverse Integer.vcxproj", "{E622A93A-4DC1-48B6-8BCF-960BD2B38BC3}"
EndProject
Project("{8BC9CEB8-8B4A-11D0-8D11-00A0C91BC942}") = "[LeetCode]String to Integer (atoi)", "[LeetCode]String to Integer (atoi)\[LeetCode]String to Integer (atoi).vcxproj", "{E2F99DAE-993D-4383-A5F6-6ED3F4F38386}"
EndProject
Project("{8BC9CEB8-8B4A-11D0-8D11-00A0C91BC942}") = "[LeetCode]Palindrome Number", "[LeetCode]Palindrome Number\[LeetCode]Palindrome Number.vcxproj", "{1F8402C1-76C1-446D-A3BC-D93B961EB4C8}"
EndProject
Project("{8BC9CEB8-8B4A-11D0-8D11-00A0C91BC942}") = "[LeetCode]Regular Expression Matching", "[LeetCode]Regular Expression Matching\[LeetCode]Regular Expression Matching.vcxproj", "{8BD82DFD-703C-4016-A075-C9857C558058}"
EndProject
Project("{8BC9CEB8-8B4A-11D0-8D11-00A0C91BC942}") = "[LeetCode]Container with most water", "[LeetCode]Container with most water\[LeetCode]Container with most water.vcxproj", "{A9E49D38-6351-403D-AD90-0059FA45106A}"
EndProject
Project("{8BC9CEB8-8B4A-11D0-8D11-00A0C91BC942}") = "[LeetCode]Integer to Roman", "[LeetCode]Integer to Roman\[LeetCode]Integer to Roman.vcxproj", "{AB4534CB-C734-45B2-B559-854D1FA4BAD9}"
EndProject
Project("{8BC9CEB8-8B4A-11D0-8D11-00A0C91BC942}") = "[LeetCode]Roman to Integer", "[LeetCode]Roman to Integer\[LeetCode]Roman to Integer.vcxproj", "{290EC8A9-3B33-4873-9EFE-39E40B79753F}"
EndProject
Project("{8BC9CEB8-8B4A-11D0-8D11-00A0C91BC942}") = "[LeetCode]Longest Common Prefix", "[LeetCode]Longest Common Prefix\[LeetCode]Longest Common Prefix.vcxproj", "{5558EABF-CAC1-4E9C-80A2-86E9C94BABCD}"
EndProject
Project("{8BC9CEB8-8B4A-11D0-8D11-00A0C91BC942}") = "[LeetCode]Letter Combinations of a Phone Number", "[LeetCode]Letter Combinations of a Phone Number\[LeetCode]Letter Combinations of a Phone Number.vcxproj", "{838663C7-5500-4E2E-85A9-FB7BB38F8D65}"
EndProject
Project("{8BC9CEB8-8B4A-11D0-8D11-00A0C91BC942}") = "[LeetCode]Remove Nth Node From End of List", "[LeetCode]Remove Nth Node From End of List\[LeetCode]Remove Nth Node From End of List.vcxproj", "{6AF5BE55-9382-459E-B0B2-C46AB490A1D3}"
EndProject
Project("{8BC9CEB8-8B4A-11D0-8D11-00A0C91BC942}") = "[LeetCode]Valid Parentheses", "[LeetCode]Valid Parentheses\[LeetCode]Valid Parentheses.vcxproj", "{2A6E9F46-BD59-4F4D-B749-CDADBDA1A38D}"
EndProject
Project("{8BC9CEB8-8B4A-11D0-8D11-00A0C91BC942}") = "[LeetCode]Merge Two Sorted Lists", "[LeetCode]Merge Two Sorted Lists\[LeetCode]Merge Two Sorted Lists.vcxproj", "{F326753B-4F87-4011-BB11-539E3BC62254}"
EndProject
Project("{8BC9CEB8-8B4A-11D0-8D11-00A0C91BC942}") = "[LeetCode]Generate Parentheses", "[LeetCode]Generate Parentheses\[LeetCode]Generate Parentheses.vcxproj", "{92B90173-F757-4E5A-814B-F5FA4AE85E75}"
EndProject
Project("{8BC9CEB8-8B4A-11D0-8D11-00A0C91BC942}") = "[LeetCode]Merge k Sorted Lists", "[LeetCode]Merge k Sorted Lists\[LeetCode]Merge k Sorted Lists.vcxproj", "{1D0294C4-BF8E-4E57-9ADB-B2735286BF69}"
EndProject
Project("{8BC9CEB8-8B4A-11D0-8D11-00A0C91BC942}") = "[LeetCode]Swap Nodes in Pairs", "Swap Nodes in Pairs\Swap Nodes in Pairs.vcxproj", "{9F090B21-F2BC-4AD2-B14D-52081A882CCD}"
EndProject
Project("{8BC9CEB8-8B4A-11D0-8D11-00A0C91BC942}") = "[LeetCode]Reverse Nodes in k-Group", "[LeetCode]Reverse Nodes in k-Group\[LeetCode]Reverse Nodes in k-Group.vcxproj", "{1242AB99-706A-4A4E-BE6A-6F2221897405}"
EndProject
Project("{8BC9CEB8-8B4A-11D0-8D11-00A0C91BC942}") = "[LeetCode]Remove Duplicates from Sorted Array", "[LeetCode]Remove Duplicates from Sorted Array\[LeetCode]Remove Duplicates from Sorted Array.vcxproj", "{643EDB3E-1AD3-4783-9D02-B0EA645E6DFF}"
EndProject
Project("{8BC9CEB8-8B4A-11D0-8D11-00A0C91BC942}") = "[LeetCode]Remove Element", "[LeetCode]Remove Element\[LeetCode]Remove Element.vcxproj", "{5B5C0549-D63B-40A2-B793-3729440B8086}"
EndProject
Project("{8BC9CEB8-8B4A-11D0-8D11-00A0C91BC942}") = "[LeetCode]Implement strStr()", "[LeetCode]Implement strStr()\[LeetCode]Implement strStr().vcxproj", "{119B19AA-FE48-4CDF-9E8A-A2E3B40028C5}"
EndProject
Project("{8BC9CEB8-8B4A-11D0-8D11-00A0C91BC942}") = "[LeetCode]Divide Two Integers", "[LeetCode]Divide Two Integers\[LeetCode]Divide Two Integers.vcxproj", "{ADA3B64A-2C09-43AF-9177-2996C9F58130}"
EndProject
Project("{8BC9CEB8-8B4A-11D0-8D11-00A0C91BC942}") = "[LeetCode]Next Permutation", "[LeetCode]Next Permutation\[LeetCode]Next Permutation.vcxproj", "{A66DD46D-34C9-4BDC-9696-36D240343ADE}"
EndProject
Project("{8BC9CEB8-8B4A-11D0-8D11-00A0C91BC942}") = "[LeetCode]3Sum", "[LeetCode]3Sum\[LeetCode]3Sum.vcxproj", "{EF90CE6A-59AE-400F-9373-FBB22B95ADCC}"
EndProject
Project("{8BC9CEB8-8B4A-11D0-8D11-00A0C91BC942}") = "[LeetCode]Longest Valid Parentheses", "[LeetCode]Longest Valid Parentheses\[LeetCode]Longest Valid Parentheses.vcxproj", "{99C96779-301F-4BBF-81A7-8BFD56AAA01E}"
EndProject
Project("{8BC9CEB8-8B4A-11D0-8D11-00A0C91BC942}") = "[LeetCode]Search in Rotated Sorted Array", "[LeetCode]Search in Rotated Sorted Array\[LeetCode]Search in Rotated Sorted Array.vcxproj", "{AD6DEF1F-71A7-4C1E-80D9-B52E8C29AB1C}"
EndProject
Project("{8BC9CEB8-8B4A-11D0-8D11-00A0C91BC942}") = "[LeetCode]Search for a Range", "[LeetCode]Search for a Range\[LeetCode]Search for a Range.vcxproj", "{819E7C83-3591-4861-B365-84B3DE73A8AD}"
EndProject
Project("{8BC9CEB8-8B4A-11D0-8D11-00A0C91BC942}") = "[LeetCode]Search Insert Position", "[LeetCode]Search Insert Position\[LeetCode]Search Insert Position.vcxproj", "{DE56DEBB-7A0E-45EB-A4A5-4CC721D5365F}"
EndProject
Project("{8BC9CEB8-8B4A-11D0-8D11-00A0C91BC942}") = "[LeetCode]Substring with Concatenation of All Words", "[LeetCode]Substring with Concatenation of All Words\[LeetCode]Substring with Concatenation of All Words.vcxproj", "{430B0527-BDAA-4795-BEB7-184D93088369}"
EndProject
Project("{8BC9CEB8-8B4A-11D0-8D11-00A0C91BC942}") = "[LeetCode]Count and Say", "[LeetCode]Count and Say\[LeetCode]Count and Say.vcxproj", "{C6DCED9A-9250-4AA2-A697-79EE4FEBA0F9}"
EndProject
Project("{8BC9CEB8-8B4A-11D0-8D11-00A0C91BC942}") = "[LeetCode]Length of Last Word", "[LeetCode]Length of Last Word\[LeetCode]Length of Last Word.vcxproj", "{2836BD33-6194-4543-B96B-0313AB874136}"
EndProject
Project("{8BC9CEB8-8B4A-11D0-8D11-00A0C91BC942}") = "[LeetCode]Multiply Strings", "[LeetCode]Multiply Strings\[LeetCode]Multiply Strings.vcxproj", "{5FD53D8D-47F7-4C85-9D5B-D115BB2EA090}"
EndProject
Project("{8BC9CEB8-8B4A-11D0-8D11-00A0C91BC942}") = "[LeetCode]3Sum Closest", "[LeetCode]3Sum Closest\[LeetCode]3Sum Closest.vcxproj", "{999CB2FF-1AD5-4E75-9D78-35D4E73FAFBE}"
EndProject
Project("{8BC9CEB8-8B4A-11D0-8D11-00A0C91BC942}") = "[LeetCode]4Sum", "[LeetCode]4Sum\[LeetCode]4Sum.vcxproj", "{745D8742-C9C7-4ECB-A290-6BE3C1930ECA}"
EndProject
Project("{8BC9CEB8-8B4A-11D0-8D11-00A0C91BC942}") = "[LeetCode]Permutations", "[LeetCode]Permutations\[LeetCode]Permutations.vcxproj", "{3CEC0844-7755-40AD-B97B-786FCC98BEF1}"
EndProject
Project("{8BC9CEB8-8B4A-11D0-8D11-00A0C91BC942}") = "[LeetCode]Permutations II", "[LeetCode]Permutations II\[LeetCode]Permutations II.vcxproj", "{B532E500-ED9C-44DD-AA01-F8C3939D92AE}"
EndProject
Project("{8BC9CEB8-8B4A-11D0-8D11-00A0C91BC942}") = "[LeetCode]Wildcard Matching", "[LeetCode]Wildcard Matching\[LeetCode]Wildcard Matching.vcxproj", "{7D42A9A5-239A-4918-961F-E2E1C499E1F2}"
EndProject
Project("{8BC9CEB8-8B4A-11D0-8D11-00A0C91BC942}") = "[LeetCode]Valid Sudoku", "[LeetCode]Valid Sudoku\[LeetCode]Valid Sudoku.vcxproj", "{B64DA7BB-04E5-44EF-8B52-CE0563E93C58}"
EndProject
Project("{8BC9CEB8-8B4A-11D0-8D11-00A0C91BC942}") = "[LeetCode]Sudoku Solver", "[LeetCode]Sudoku Solver\[LeetCode]Sudoku Solver.vcxproj", "{0BA815A5-F969-4B04-9F22-6B2FEF057B77}"
EndProject
Project("{8BC9CEB8-8B4A-11D0-8D11-00A0C91BC942}") = "[LeetCode]Combination Sum", "[LeetCode]Combination Sum\[LeetCode]Combination Sum.vcxproj", "{658D8557-7DD8-46A1-97D5-2FA72890EA01}"
EndProject
Project("{8BC9CEB8-8B4A-11D0-8D11-00A0C91BC942}") = "[LeetCode]Combination Sum II", "[LeetCode]Combination Sum II\[LeetCode]Combination Sum II.vcxproj", "{30C82DB7-BFFC-4100-A860-2E0AB4B7BD32}"
EndProject
Project("{8BC9CEB8-8B4A-11D0-8D11-00A0C91BC942}") = "[LeetCode]Rotate Image", "[LeetCode]Rotate Image\[LeetCode]Rotate Image.vcxproj", "{78A8E47B-A527-4CBC-B5A5-A099B3BBC2B1}"
EndProject
Project("{8BC9CEB8-8B4A-11D0-8D11-00A0C91BC942}") = "[LeetCode]Pow(x, n)", "[LeetCode]Pow(x, n)\[LeetCode]Pow(x, n).vcxproj", "{14368833-D625-4895-8323-0347FBD43CEE}"
EndProject
Project("{8BC9CEB8-8B4A-11D0-8D11-00A0C91BC942}") = "[LeetCode]Maximum Subarray", "[LeetCode]Maximum Subarray\[LeetCode]Maximum Subarray.vcxproj", "{3ED77E04-D50A-4115-9B93-44E05527AA89}"
EndProject
Project("{8BC9CEB8-8B4A-11D0-8D11-00A0C91BC942}") = "[LeetCode]Spiral Matrix", "[LeetCode]Spiral Matrix\[LeetCode]Spiral Matrix.vcxproj", "{DB7CFA98-5687-4004-A5F3-D7A79E6E91DC}"
EndProject
Project("{8BC9CEB8-8B4A-11D0-8D11-00A0C91BC942}") = "[LeetCode]Spiral Matrix II", "[LeetCode]Spiral Matrix II\[LeetCode]Spiral Matrix II.vcxproj", "{C3BE4637-D78A-44FF-AC43-A226AA1723D1}"
EndProject
Project("{8BC9CEB8-8B4A-11D0-8D11-00A0C91BC942}") = "[LeetCode]Jump Game", "[LeetCode]Jump Game\[LeetCode]Jump Game.vcxproj", "{8B1810F6-2154-40BB-8752-DF569EFEC28B}"
EndProject
Project("{8BC9CEB8-8B4A-11D0-8D11-00A0C91BC942}") = "[LeetCode]Jump Game II", "[LeetCode]Jump Game II\[LeetCode]Jump Game II.vcxproj", "{80B8F6C8-0B95-40B0-9477-256014859BEE}"
EndProject
Project("{8BC9CEB8-8B4A-11D0-8D11-00A0C91BC942}") = "[LeetCode]Rotate List", "[LeetCode]Rotate List\[LeetCode]Rotate List.vcxproj", "{B5F91C54-7FA9-4899-8A80-1E43E5D9EEE9}"
EndProject
Project("{8BC9CEB8-8B4A-11D0-8D11-00A0C91BC942}") = "[LeetCode]First Missing Positive", "[LeetCode]First Missing Positive\[LeetCode]First Missing Positive.vcxproj", "{36224A2E-DA8F-4537-8016-C6F9B2D89F10}"
EndProject
Project("{8BC9CEB8-8B4A-11D0-8D11-00A0C91BC942}") = "[LeetCode]Trapping Rain Water", "[LeetCode]Trapping Rain Water\[LeetCode]Trapping Rain Water.vcxproj", "{E2D1462C-66FD-42D7-B227-C8F7711A2E6B}"
EndProject
Project("{8BC9CEB8-8B4A-11D0-8D11-00A0C91BC942}") = "[LeetCode]Anagrams", "[LeetCode]Anagrams\[LeetCode]Anagrams.vcxproj", "{75058D19-4A0D-4998-9935-251FB9A26707}"
EndProject
Project("{8BC9CEB8-8B4A-11D0-8D11-00A0C91BC942}") = "[LeetCode]Merge Intervals", "[LeetCode]Merge Intervals\[LeetCode]Merge Intervals.vcxproj", "{CB9E6DDF-4893-4BDA-BDDD-29BF1101BAD8}"
EndProject
Project("{8BC9CEB8-8B4A-11D0-8D11-00A0C91BC942}") = "[LeetCode]Insert Interval", "[LeetCode]Insert Interval\[LeetCode]Insert Interval.vcxproj", "{B565904F-6FC6-4416-8403-C702E8FFE13C}"
EndProject
Project("{8BC9CEB8-8B4A-11D0-8D11-00A0C91BC942}") = "[LeetCode]Permutation Sequence", "[LeetCode]Permutation Sequence\[LeetCode]Permutation Sequence.vcxproj", "{BD7C7008-9C4F-4CC7-9734-BE467774CA4F}"
EndProject
Project("{8BC9CEB8-8B4A-11D0-8D11-00A0C91BC942}") = "[LeetCode]Unique Paths", "[LeetCode]Unique Paths\[LeetCode]Unique Paths.vcxproj", "{4B22AB52-4A3A-4462-90F9-20FB85C2EDB4}"
EndProject
Project("{8BC9CEB8-8B4A-11D0-8D11-00A0C91BC942}") = "[LeetCode]Unique Paths II", "[LeetCode]Unique Paths II\[LeetCode]Unique Paths II.vcxproj", "{9EA652D1-D2ED-4E88-9DE6-8AA01A51B312}"
EndProject
Project("{8BC9CEB8-8B4A-11D0-8D11-00A0C91BC942}") = "[LeetCode]Minimum Path Sum", "[LeetCode]Minimum Path Sum\[LeetCode]Minimum Path Sum.vcxproj", "{F8B7FB3E-81E8-425B-A532-B943E0494BAA}"
EndProject
Project("{8BC9CEB8-8B4A-11D0-8D11-00A0C91BC942}") = "[LeetCode]Plus One", "[LeetCode]Plus One\[LeetCode]Plus One.vcxproj", "{CA5F5622-B9D1-41DB-A5DA-E856BACB5DAE}"
EndProject
Project("{8BC9CEB8-8B4A-11D0-8D11-00A0C91BC942}") = "[LeetCode]Add Binary", "[LeetCode]Add Binary\[LeetCode]Add Binary.vcxproj", "{F460C102-3C5F-419E-B5A1-DBC92F793691}"
EndProject
Project("{8BC9CEB8-8B4A-11D0-8D11-00A0C91BC942}") = "[LeetCode]Sqrt(x)", "[LeetCode]Sqrt(x)\[LeetCode]Sqrt(x).vcxproj", "{17FCAC65-A9B4-417C-9C5A-66823254C7AE}"
EndProject
Project("{8BC9CEB8-8B4A-11D0-8D11-00A0C91BC942}") = "[LeetCode]Climbing Stairs", "[LeetCode]Climbing Stairs\[LeetCode]Climbing Stairs.vcxproj", "{DB25749E-9689-4182-9FB1-13ED55D28709}"
EndProject
Project("{8BC9CEB8-8B4A-11D0-8D11-00A0C91BC942}") = "[LeetCode]Simplify Path", "[LeetCode]Simplify Path\[LeetCode]Simplify Path.vcxproj", "{B40EF14B-129F-4B40-BF25-D13FCAF28038}"
EndProject
Project("{8BC9CEB8-8B4A-11D0-8D11-00A0C91BC942}") = "[LeetCode]Set Matrix Zeroes", "[LeetCode]Set Matrix Zeroes\[LeetCode]Set Matrix Zeroes.vcxproj", "{3CA45C0F-5370-4AEB-999B-E7CED293EC8C}"
EndProject
Project("{8BC9CEB8-8B4A-11D0-8D11-00A0C91BC942}") = "[LeetCode]Search a 2D Matrix", "[LeetCode]Search a 2D Matrix\[LeetCode]Search a 2D Matrix.vcxproj", "{73A867AA-0179-4413-B0DD-A18C4A07CF21}"
EndProject
Project("{8BC9CEB8-8B4A-11D0-8D11-00A0C91BC942}") = "[LeetCode]Sort Colors", "[LeetCode]Sort Colors\[LeetCode]Sort Colors.vcxproj", "{ADC19BBD-981D-4CEF-ABFA-10ED076ABD03}"
EndProject
Project("{8BC9CEB8-8B4A-11D0-8D11-00A0C91BC942}") = "[LeetCode]Combinations", "[LeetCode]Combinations\[LeetCode]Combinations.vcxproj", "{52886AB0-3D8E-46F6-9F2F-7EBD66FCE753}"
EndProject
Project("{8BC9CEB8-8B4A-11D0-8D11-00A0C91BC942}") = "[LeetCode]Subsets", "[LeetCode]Subsets\[LeetCode]Subsets.vcxproj", "{4B24CA31-1A7C-4508-9C0F-41C050F3D710}"
EndProject
Project("{8BC9CEB8-8B4A-11D0-8D11-00A0C91BC942}") = "[LeetCode]Word Search", "[LeetCode]Word Search\[LeetCode]Word Search.vcxproj", "{B3307C85-6FD0-4154-B2AD-272CF11D01F6}"
EndProject
Project("{8BC9CEB8-8B4A-11D0-8D11-00A0C91BC942}") = "[LeetCode]N-Queens", "[LeetCode]N-Queens\[LeetCode]N-Queens.vcxproj", "{6F9DA6FB-C920-44D5-ACFA-1895D16ECA01}"
EndProject
Project("{8BC9CEB8-8B4A-11D0-8D11-00A0C91BC942}") = "[LeetCode]N-Queens II", "[LeetCode]N-Queens II\[LeetCode]N-Queens II.vcxproj", "{0D92971E-9B08-44C3-A638-EED6B5FD3B06}"
EndProject
Project("{8BC9CEB8-8B4A-11D0-8D11-00A0C91BC942}") = "[LeetCode]Valid Number", "[LeetCode]Valid Number\[LeetCode]Valid Number.vcxproj", "{BA9ED153-F005-453C-9C0A-5C2193C3FE76}"
EndProject
Project("{8BC9CEB8-8B4A-11D0-8D11-00A0C91BC942}") = "[LeetCode]Text Justification", "[LeetCode]Text Justification\[LeetCode]Text Justification.vcxproj", "{0A6F643B-9F1E-45B3-A91A-DBB9662846BC}"
EndProject
Project("{8BC9CEB8-8B4A-11D0-8D11-00A0C91BC942}") = "[LeetCode]Edit Distance", "[LeetCode]Edit Distance\[LeetCode]Edit Distance.vcxproj", "{E3975B43-7F70-42CF-B2B8-99DB6F81C544}"
EndProject
Project("{8BC9CEB8-8B4A-11D0-8D11-00A0C91BC942}") = "[LeetCode]Minimum Window Substring", "[LeetCode]Minimum Window Substring\[LeetCode]Minimum Window Substring.vcxproj", "{AF0211C2-9F21-45E2-9D04-58967247B75A}"
EndProject
Project("{8BC9CEB8-8B4A-11D0-8D11-00A0C91BC942}") = "[LeetCode]Remove Duplicates from Sorted Array II", "[LeetCode]Remove Duplicates from Sorted Array II\[LeetCode]Remove Duplicates from Sorted Array II.vcxproj", "{BAE90C7B-C63C-44F4-8E20-30CFD0F62504}"
EndProject
Project("{8BC9CEB8-8B4A-11D0-8D11-00A0C91BC942}") = "[LeetCode]Search in Rotated Sorted Array II", "[LeetCode]Search in Rotated Sorted Array II\[LeetCode]Search in Rotated Sorted Array II.vcxproj", "{C3B19568-A411-4E0D-AB53-32AF376EFB0F}"
EndProject
Project("{8BC9CEB8-8B4A-11D0-8D11-00A0C91BC942}") = "[LeetCode]Remove Duplicates from Sorted List", "[LeetCode]Remove Duplicates from Sorted List\[LeetCode]Remove Duplicates from Sorted List.vcxproj", "{4ED43535-0C3F-49CD-A5A6-03D3EC798D38}"
EndProject
Project("{8BC9CEB8-8B4A-11D0-8D11-00A0C91BC942}") = "[LeetCode]Remove Duplicates from Sorted List II", "[LeetCode]Remove Duplicates from Sorted List II\[LeetCode]Remove Duplicates from Sorted List II.vcxproj", "{635F3870-2031-4637-9B2D-F32831E1DD96}"
EndProject
Project("{8BC9CEB8-8B4A-11D0-8D11-00A0C91BC942}") = "[LeetCode]Largest Rectangle in Histogram", "[LeetCode]Largest Rectangle in Histogram\[LeetCode]Largest Rectangle in Histogram.vcxproj", "{8BFD90E2-A5A7-4AAB-AB43-7B4F650D1E36}"
EndProject
Project("{8BC9CEB8-8B4A-11D0-8D11-00A0C91BC942}") = "[LeetCode]Merge Sorted Array", "[LeetCode]Merge Sorted Array\[LeetCode]Merge Sorted Array.vcxproj", "{CD6525A4-1CE0-43D7-87A3-6EB3989F86C4}"
EndProject
Project("{8BC9CEB8-8B4A-11D0-8D11-00A0C91BC942}") = "[LeetCode]Partition List", "[LeetCode]Partition List\[LeetCode]Partition List.vcxproj", "{E5D85A84-69F1-4032-9348-E8E513841DE6}"
EndProject
Project("{8BC9CEB8-8B4A-11D0-8D11-00A0C91BC942}") = "[LeetCode]Gray Code", "[LeetCode]Gray Code\[LeetCode]Gray Code.vcxproj", "{ABC7CE37-386B-45CE-BDFD-EA8B0FA7053E}"
EndProject
Project("{8BC9CEB8-8B4A-11D0-8D11-00A0C91BC942}") = "[LeetCode]Subsets II", "[LeetCode]Subsets II\[LeetCode]Subsets II.vcxproj", "{98865C51-0331-449F-AD15-8CDFDEC5D248}"
EndProject
Project("{8BC9CEB8-8B4A-11D0-8D11-00A0C91BC942}") = "[LeetCode]Reverse Linked List II", "[LeetCode]Reverse Linked List II\[LeetCode]Reverse Linked List II.vcxproj", "{E266D361-EA18-4F90-AB73-F1BCC60D759C}"
EndProject
Project("{8BC9CEB8-8B4A-11D0-8D11-00A0C91BC942}") = "[LeetCode]Binary Tree Inorder Traversal", "[LeetCode]Binary Tree Inorder Traversal\[LeetCode]Binary Tree Inorder Traversal.vcxproj", "{98E7DC60-7405-47E1-BBEE-DD340C3BCF49}"
EndProject
Project("{8BC9CEB8-8B4A-11D0-8D11-00A0C91BC942}") = "[LeetCode]Unique Binary Search Trees", "[LeetCode]Unique Binary Search Trees\[LeetCode]Unique Binary Search Trees.vcxproj", "{5C6644CD-C3E7-4AD2-8FC9-EBFBE470DF42}"
EndProject
Project("{8BC9CEB8-8B4A-11D0-8D11-00A0C91BC942}") = "[LeetCode]Unique Binary Search Trees II", "[LeetCode]Unique Binary Search Trees II\[LeetCode]Unique Binary Search Trees II.vcxproj", "{9E9DDA28-BD18-49E8-9558-2C571C770ED6}"
EndProject
Project("{8BC9CEB8-8B4A-11D0-8D11-00A0C91BC942}") = "[LeetCode]Validate Binary Search Tree", "[LeetCode]Validate Binary Search Tree\[LeetCode]Validate Binary Search Tree.vcxproj", "{4CC16CE4-EE51-4E61-86D9-AF83C2360220}"
EndProject
Project("{8BC9CEB8-8B4A-11D0-8D11-00A0C91BC942}") = "[LeetCode]Recover Binary Search Tree", "[LeetCode]Recover Binary Search Tree\[LeetCode]Recover Binary Search Tree.vcxproj", "{A893D556-7E51-4649-9BF8-394DA546D168}"
EndProject
Project("{8BC9CEB8-8B4A-11D0-8D11-00A0C91BC942}") = "[LeetCode]Same Tree", "[LeetCode]Same Tree\[LeetCode]Same Tree.vcxproj", "{B541171D-F466-4B5E-B57C-3B06BB36D2B4}"
EndProject
Project("{8BC9CEB8-8B4A-11D0-8D11-00A0C91BC942}") = "[LeetCode]Symmetric Tree", "[LeetCode]Symmetric Tree\[LeetCode]Symmetric Tree.vcxproj", "{25AE0E69-8EBD-489C-A905-F52D4866FF1B}"
EndProject
Project("{8BC9CEB8-8B4A-11D0-8D11-00A0C91BC942}") = "[LeetCode]Binary Tree Level Order Traversal", "[LeetCode]Binary Tree Level Order Traversal\[LeetCode]Binary Tree Level Order Traversal.vcxproj", "{8B6584DD-2F59-40FD-8C5A-4C9899D799C3}"
EndProject
Project("{8BC9CEB8-8B4A-11D0-8D11-00A0C91BC942}") = "[LeetCode]Binary Tree Zigzag Level Order Traversal", "[LeetCode]Binary Tree Zigzag Level Order Traversal\[LeetCode]Binary Tree Zigzag Level Order Traversal.vcxproj", "{EE5E11BB-78AA-453E-88F6-E01E3C2CD04F}"
EndProject
Project("{8BC9CEB8-8B4A-11D0-8D11-00A0C91BC942}") = "[LeetCode]Maximum Depth of Binary Tree", "[LeetCode]Maximum Depth of Binary Tree\[LeetCode]Maximum Depth of Binary Tree.vcxproj", "{C5EE2F71-F44F-4286-93AC-FD08D122DDA0}"
EndProject
Project("{8BC9CEB8-8B4A-11D0-8D11-00A0C91BC942}") = "[LeetCode]Construct Binary Tree from Preorder and Inorder Traversal", "[LeetCode]Construct Binary Tree from Preorder and Inorder Traversal\[LeetCode]Construct Binary Tree from Preorder and Inorder Traversal.vcxproj", "{4FF42F83-D316-4CC3-BACA-B27358A82D3F}"
EndProject
Project("{8BC9CEB8-8B4A-11D0-8D11-00A0C91BC942}") = "[LeetCode]Binary Tree Level Order Traversal II", "[LeetCode]Binary Tree Level Order Traversal II\[LeetCode]Binary Tree Level Order Traversal II.vcxproj", "{8252A77A-0243-4786-9F68-DDC10D7FD605}"
EndProject
Project("{8BC9CEB8-8B4A-11D0-8D11-00A0C91BC942}") = "[LeetCode]Balanced Binary Tree", "[LeetCode]Balanced Binary Tree\[LeetCode]Balanced Binary Tree.vcxproj", "{C907F18B-718C-4A16-87D8-E5C0E14A31F8}"
EndProject
Project("{8BC9CEB8-8B4A-11D0-8D11-00A0C91BC942}") = "[LeetCode]Minimum Depth of Binary Tree", "[LeetCode]Minimum Depth of Binary Tree\[LeetCode]Minimum Depth of Binary Tree.vcxproj", "{78A27120-A147-4003-9CAD-6EA60B168E80}"
EndProject
Project("{8BC9CEB8-8B4A-11D0-8D11-00A0C91BC942}") = "[LeetCode]Path Sum", "[LeetCode]Path Sum\[LeetCode]Path Sum.vcxproj", "{7FC47670-5075-48F7-A13C-5EC06BE8A77E}"
EndProject
Project("{8BC9CEB8-8B4A-11D0-8D11-00A0C91BC942}") = "[LeetCode]Path Sum II", "[LeetCode]Path Sum II\[LeetCode]Path Sum II.vcxproj", "{264EDDE9-E49E-4159-8642-AA2BBB4C2E28}"
EndProject
Project("{8BC9CEB8-8B4A-11D0-8D11-00A0C91BC942}") = "[LeetCode]Flatten Binary Tree to Linked List", "[LeetCode]Flatten Binary Tree to Linked List\[LeetCode]Flatten Binary Tree to Linked List.vcxproj", "{9054A8D1-3D66-4FE0-AAC8-025B1557F31B}"
EndProject
Project("{8BC9CEB8-8B4A-11D0-8D11-00A0C91BC942}") = "[LeetCode]Invert Binary Tree", "[LeetCode]Invert Binary Tree\[LeetCode]Invert Binary Tree.vcxproj", "{00BD282E-3394-4AC3-9FEF-5C7B74DB5512}"
EndProject
Project("{8BC9CEB8-8B4A-11D0-8D11-00A0C91BC942}") = "[LeetCode]Sum Root to Leaf Numbers", "[LeetCode]Sum Root to Leaf Numbers\[LeetCode]Sum Root to Leaf Numbers.vcxproj", "{C84DBBF0-744D-40CF-BB0F-74954A13F1F5}"
EndProject
Project("{8BC9CEB8-8B4A-11D0-8D11-00A0C91BC942}") = "[LeetCode]Count Complete Tree Nodes", "[LeetCode]Count Complete Tree Nodes\[LeetCode]Count Complete Tree Nodes.vcxproj", "{1F3994A8-8B30-455B-8005-332FF63308C8}"
EndProject
Project("{8BC9CEB8-8B4A-11D0-8D11-00A0C91BC942}") = "[LeetCode]Convert Sorted Array to Binary Search Tree", "[LeetCode]Convert Sorted Array to Binary Search Tree\[LeetCode]Convert Sorted Array to Binary Search Tree.vcxproj", "{7EA7FE94-09C0-4ABA-832E-193355045772}"
EndProject
Project("{8BC9CEB8-8B4A-11D0-8D11-00A0C91BC942}") = "[LeetCode]Binary Tree Right Side View", "[LeetCode]Binary Tree Right Side View\[LeetCode]Binary Tree Right Side View.vcxproj", "{6311268E-C472-41E0-BDDC-68A2C8346DCD}"
EndProject
Project("{8BC9CEB8-8B4A-11D0-8D11-00A0C91BC942}") = "[LeetCode]Binary Tree Preorder Traversal", "[LeetCode]Binary Tree Preorder Traversal\[LeetCode]Binary Tree Preorder Traversal.vcxproj", "{0D2BA2F1-8566-43F3-BE23-F59F5C827460}"
EndProject
Project("{8BC9CEB8-8B4A-11D0-8D11-00A0C91BC942}") = "[LeetCode]Binary Tree Postorder Traversal", "[LeetCode]Binary Tree Postorder Traversal\[LeetCode]Binary Tree Postorder Traversal.vcxproj", "{3205BFCE-AC39-4A17-BA54-AFD176C2384C}"
EndProject
Project("{8BC9CEB8-8B4A-11D0-8D11-00A0C91BC942}") = "[LeetCode]Populating Next Right Pointers in Each Node", "[LeetCode]Populating Next Right Pointers in Each Node\[LeetCode]Populating Next Right Pointers in Each Node.vcxproj", "{99AAA3FE-562E-493F-BD28-3D82555AD2FA}"
EndProject
Project("{8BC9CEB8-8B4A-11D0-8D11-00A0C91BC942}") = "[LeetCode]Populating Next Right Pointers in Each Node II", "[LeetCode]Populating Next Right Pointers in Each Node II\[LeetCode]Populating Next Right Pointers in Each Node II.vcxproj", "{4155E00B-CDEA-4381-9015-03B1020DD3D1}"
EndProject
Project("{8BC9CEB8-8B4A-11D0-8D11-00A0C91BC942}") = "[LeetCode]Construct Binary Tree from Inorder and Postorder Traversal", "[LeetCode]Construct Binary Tree from Inorder and Postorder Traversal\[LeetCode]Construct Binary Tree from Inorder and Postorder Traversal.vcxproj", "{ED4619EB-FC72-436D-B7F5-4CE6D3679AFB}"
EndProject
Project("{8BC9CEB8-8B4A-11D0-8D11-00A0C91BC942}") = "[LeetCode]Basic Calculator", "[LeetCode]Basic Calculator\[LeetCode]Basic Calculator.vcxproj", "{9517DFB0-D7B1-457C-BB46-B577AFF70718}"
EndProject
Project("{8BC9CEB8-8B4A-11D0-8D11-00A0C91BC942}") = "[LeetCode]Evaluate Reverse Polish Notation", "[LeetCode]Evaluate Reverse Polish Notation\[LeetCode]Evaluate Reverse Polish Notation.vcxproj", "{5606DBE2-1F40-4ECA-B53D-FF7141D36F57}"
EndProject
Project("{8BC9CEB8-8B4A-11D0-8D11-00A0C91BC942}") = "[LeetCode]Rotate Array", "[LeetCode]Rotate Array\[LeetCode]Rotate Array.vcxproj", "{8BFAAF43-2E87-4DE5-891C-AC07757761E7}"
EndProject
Project("{8BC9CEB8-8B4A-11D0-8D11-00A0C91BC942}") = "[LeetCode]Combination Sum III", "[LeetCode]Combination Sum III\[LeetCode]Combination Sum III.vcxproj", "{4396D6AE-FE9D-46F2-A070-819B770C5691}"
EndProject
Project("{8BC9CEB8-8B4A-11D0-8D11-00A0C91BC942}") = "[LeetCode]Contains Duplicate", "[LeetCode]Contains Duplicate\[LeetCode]Contains Duplicate.vcxproj", "{ACD74663-2A54-4195-B824-1FD1D26B1C11}"
EndProject
Project("{8BC9CEB8-8B4A-11D0-8D11-00A0C91BC942}") = "[LeetCode]Contains Duplicate II", "[LeetCode]Contains Duplicate II\[LeetCode]Contains Duplicate II.vcxproj", "{B7A2F77E-16C5-4394-83AA-3FA14038E1CC}"
EndProject
Project("{8BC9CEB8-8B4A-11D0-8D11-00A0C91BC942}") = "[LeetCode]Find Peak Element", "[LeetCode]Find Peak Element\[LeetCode]Find Peak Element.vcxproj", "{07DF64EB-82C5-4823-BAD9-34700EC2E532}"
EndProject
Project("{8BC9CEB8-8B4A-11D0-8D11-00A0C91BC942}") = "[LeetCode]Find Minimum in Rotated Sorted Array", "[LeetCode]Find Minimum in Rotated Sorted Array\[LeetCode]Find Minimum in Rotated Sorted Array.vcxproj", "{088FE052-0EF4-49C6-8DB1-54564E4B769A}"
EndProject
Project("{8BC9CEB8-8B4A-11D0-8D11-00A0C91BC942}") = "[LeetCode]Find Minimum in Rotated Sorted Array II", "[LeetCode]Find Minimum in Rotated Sorted Array II\[LeetCode]Find Minimum in Rotated Sorted Array II.vcxproj", "{FD9162ED-7F9F-4497-8172-E98566375FF8}"
EndProject
Project("{8BC9CEB8-8B4A-11D0-8D11-00A0C91BC942}") = "[LeetCode]Majority Element", "[LeetCode]Majority Element\[LeetCode]Majority Element.vcxproj", "{BAED2EAE-C5A5-4087-91DF-3B4A2940CC31}"
EndProject
Project("{8BC9CEB8-8B4A-11D0-8D11-00A0C91BC942}") = "[LeetCode]Majority Element II", "[LeetCode]Majority Element II\[LeetCode]Majority Element II.vcxproj", "{5D6D3336-9E3E-42DB-B00B-9294E6C9E5D2}"
EndProject
Project("{8BC9CEB8-8B4A-11D0-8D11-00A0C91BC942}") = "[LeetCode]Convert Sorted List to Binary Search Tree", "[LeetCode]Convert Sorted List to Binary Search Tree\[LeetCode]Convert Sorted List to Binary Search Tree.vcxproj", "{3E5E234A-945B-4730-88C5-6445401B27AD}"
EndProject
Project("{8BC9CEB8-8B4A-11D0-8D11-00A0C91BC942}") = "[LeetCode]Kth Smallest Element in a BST", "[LeetCode]Kth Smallest Element in a BST\[LeetCode]Kth Smallest Element in a BST.vcxproj", "{4438E2FD-2DEA-4EB5-B268-DDDCDB64548F}"
EndProject
Project("{8BC9CEB8-8B4A-11D0-8D11-00A0C91BC942}") = "[LeetCode]Single Number", "[LeetCode]Single Number\[LeetCode]Single Number.vcxproj", "{8D2AA0DC-337F-4E3E-BA45-9BE89F7E4407}"
EndProject
Project("{8BC9CEB8-8B4A-11D0-8D11-00A0C91BC942}") = "[LeetCode]Pascal's Triangle", "[LeetCode]Pascal's Triangle\[LeetCode]Pascal's Triangle.vcxproj", "{A0F87FBF-2558-4EE2-ABAF-AE1E8D8E66C6}"
EndProject
Project("{8BC9CEB8-8B4A-11D0-8D11-00A0C91BC942}") = "[LeetCode]Pascal's Triangle II", "[LeetCode]Pascal's Triangle II\[LeetCode]Pascal's Triangle II.vcxproj", "{8BA7CABC-38A0-401B-A2E4-22B6D004D8DB}"
EndProject
Project("{8BC9CEB8-8B4A-11D0-8D11-00A0C91BC942}") = "[LeetCode]Gas Station", "[LeetCode]Gas Station\[LeetCode]Gas Station.vcxproj", "{67786C81-A6C5-4299-9A81-91C990042A3A}"
EndProject
Project("{8BC9CEB8-8B4A-11D0-8D11-00A0C91BC942}") = "[LeetCode]Candy", "[LeetCode]Candy\[LeetCode]Candy.vcxproj", "{93736770-B8FA-4CAC-8B08-C5E1E952D3D6}"
EndProject
Project("{8BC9CEB8-8B4A-11D0-8D11-00A0C91BC942}") = "[LeetCode]Largest Number", "[LeetCode]Largest Number\[LeetCode]Largest Number.vcxproj", "{EF98AB25-4CEB-41FD-93D2-CFC2FBCA2DAB}"
EndProject
Project("{8BC9CEB8-8B4A-11D0-8D11-00A0C91BC942}") = "[LeetCode]Kth Largest Element in an Array", "[LeetCode]Kth Largest Element in an Array\[LeetCode]Kth Largest Element in an Array.vcxproj", "{C89BD37D-E3CF-43C6-AB55-323946884D70}"
EndProject
Project("{8BC9CEB8-8B4A-11D0-8D11-00A0C91BC942}") = "[LeetCode]House Robber", "[LeetCode]House Robber\[LeetCode]House Robber.vcxproj", "{60B1762A-B217-4224-B964-553490460A19}"
EndProject
Project("{8BC9CEB8-8B4A-11D0-8D11-00A0C91BC942}") = "[LeetCode]House Robber II", "[LeetCode]House Robber II\[LeetCode]House Robber II.vcxproj", "{597095F5-AFF6-437F-AA0F-7B837D85EB96}"
EndProject
Project("{8BC9CEB8-8B4A-11D0-8D11-00A0C91BC942}") = "[LeetCode]Best Time to Buy and Sell Stock", "[LeetCode]Best Time to Buy and Sell Stock\[LeetCode]Best Time to Buy and Sell Stock.vcxproj", "{D6F8544A-DBE3-407B-977B-83A323559CDF}"
EndProject
Project("{8BC9CEB8-8B4A-11D0-8D11-00A0C91BC942}") = "[LeetCode]Best Time to Buy and Sell Stock II", "[LeetCode]Best Time to Buy and Sell Stock II\[LeetCode]Best Time to Buy and Sell Stock II.vcxproj", "{9C0F850B-7441-40A1-86F0-5364B44CD378}"
EndProject
Project("{8BC9CEB8-8B4A-11D0-8D11-00A0C91BC942}") = "[LeetCode]Best Time to Buy and Sell Stock III", "[LeetCode]Best Time to Buy and Sell Stock III\[LeetCode]Best Time to Buy and Sell Stock III.vcxproj", "{71B0A4EE-E5FB-4BBA-85DF-9E8959F41E42}"
EndProject
Project("{8BC9CEB8-8B4A-11D0-8D11-00A0C91BC942}") = "[LeetCode]Best Time to Buy and Sell Stock IV", "[LeetCode]Best Time to Buy and Sell Stock IV\[LeetCode]Best Time to Buy and Sell Stock IV.vcxproj", "{49FE060F-1317-44B7-BC71-E94EDD7FC99F}"
EndProject
Project("{8BC9CEB8-8B4A-11D0-8D11-00A0C91BC942}") = "[LeetCode]Triangle", "[LeetCode]Triangle\[LeetCode]Triangle.vcxproj", "{5C94C0F8-25BB-408B-9277-2BB2277CFD61}"
EndProject
Project("{8BC9CEB8-8B4A-11D0-8D11-00A0C91BC942}") = "[LeetCode]Maximum Product Subarray", "[LeetCode]Maximum Product Subarray\[LeetCode]Maximum Product Subarray.vcxproj", "{3C05C730-77EB-4832-BE74-2E04F3F2DC7D}"
EndProject
Project("{8BC9CEB8-8B4A-11D0-8D11-00A0C91BC942}") = "[LeetCode]Maximal Square", "[LeetCode]Maximal Square\[LeetCode]Maximal Square.vcxproj", "{3D301DEF-E25B-4409-A6B8-E9C9E1BC1A6D}"
EndProject
Project("{8BC9CEB8-8B4A-11D0-8D11-00A0C91BC942}") = "[LeetCode]Maximal Rectangle", "[LeetCode]Maximal Rectangle\[LeetCode]Maximal Rectangle.vcxproj", "{8A71ADBD-BFB4-45B4-9744-3B4BC7688B90}"
EndProject
Project("{8BC9CEB8-8B4A-11D0-8D11-00A0C91BC942}") = "[LeetCode]Palindrome Partitioning II", "[LeetCode]Palindrome Partitioning II\[LeetCode]Palindrome Partitioning II.vcxproj", "{CB4E11C0-B1C4-4E6A-8C81-E3DF7750A769}"
EndProject
Project("{8BC9CEB8-8B4A-11D0-8D11-00A0C91BC942}") = "[LeetCode]Scramble String", "[LeetCode]Scramble String\[LeetCode]Scramble String.vcxproj", "{CFED11D3-9AD3-40CB-9971-07F0D5C51CA1}"
EndProject
Project("{8BC9CEB8-8B4A-11D0-8D11-00A0C91BC942}") = "[LeetCode]Dungeon Game", "[LeetCode]Dungeon Game\[LeetCode]Dungeon Game.vcxproj", "{22F9DAFE-7B00-494C-9992-7DAA7894E5D5}"
EndProject
Project("{8BC9CEB8-8B4A-11D0-8D11-00A0C91BC942}") = "[LeetCode]Decode Ways", "[LeetCode]Decode Ways\[LeetCode]Decode Ways.vcxproj", "{62A0537C-35D6-4A06-AF7F-4D630B4AF3D0}"
EndProject
Project("{8BC9CEB8-8B4A-11D0-8D11-00A0C91BC942}") = "[LeetCode]Distinct Subsequences", "[LeetCode]Distinct Subsequences\[LeetCode]Distinct Subsequences.vcxproj", "{F402E783-834D-4D2B-B2E5-026B5AFA2CF1}"
EndProject
Project("{8BC9CEB8-8B4A-11D0-8D11-00A0C91BC942}") = "[LeetCode]Restore IP Addresses", "[LeetCode]Restore IP Addresses\[LeetCode]Restore IP Addresses.vcxproj", "{281FC1BE-4AE8-48FA-9610-C02FF214F96E}"
EndProject
Project("{8BC9CEB8-8B4A-11D0-8D11-00A0C91BC942}") = "[LeetCode]Interleaving String", "[LeetCode]Interleaving String\[LeetCode]Interleaving String.vcxproj", "{C08D3D6F-B4C0-486B-965E-0A72A52B029F}"
EndProject
Project("{8BC9CEB8-8B4A-11D0-8D11-00A0C91BC942}") = "[LeetCode]Search a 2D Matrix II", "[LeetCode]Search a 2D Matrix II\[LeetCode]Search a 2D Matrix II.vcxproj", "{53810E65-3993-497C-9C21-C699B927E628}"
EndProject
Project("{8BC9CEB8-8B4A-11D0-8D11-00A0C91BC942}") = "[LeetCode]Min Stack", "[LeetCode]Min Stack\[LeetCode]Min Stack.vcxproj", "{E6F3E538-30B5-47D3-BA1F-84CBA1AB3AD7}"
EndProject
Project("{8BC9CEB8-8B4A-11D0-8D11-00A0C91BC942}") = "[LeetCode]Binary Search Tree Iterator", "[LeetCode]Binary Search Tree Iterator\[LeetCode]Binary Search Tree Iterator.vcxproj", "{595071D8-58CB-4698-9FC2-6B77C713CFDF}"
EndProject
Project("{8BC9CEB8-8B4A-11D0-8D11-00A0C91BC942}") = "[LeetCode]Binary Tree Maximum Path Sum", "[LeetCode]Binary Tree Maximum Path Sum\[LeetCode]Binary Tree Maximum Path Sum.vcxproj", "{CBFEAF7E-7197-45DC-9315-EEBC406F35AE}"
EndProject
Project("{8BC9CEB8-8B4A-11D0-8D11-00A0C91BC942}") = "[LeetCode]Lowest Common Ancestor of a Binary Search Tree", "[LeetCode]Lowest Common Ancestor of a Binary Search Tree\[LeetCode]Lowest Common Ancestor of a Binary Search Tree.vcxproj", "{254A5B05-DB48-4804-A1CE-AC4A0DD51F56}"
EndProject
Project("{8BC9CEB8-8B4A-11D0-8D11-00A0C91BC942}") = "[LeetCode]Lowest Common Ancestor of a Binary Tree", "[LeetCode]Lowest Common Ancestor of a Binary Tree\[LeetCode]Lowest Common Ancestor of a Binary Tree.vcxproj", "{18737798-09C3-4F2A-932E-287896B4851C}"
EndProject
Project("{8BC9CEB8-8B4A-11D0-8D11-00A0C91BC942}") = "[LeetCode]Longest Consecutive Sequence", "[LeetCode]Longest Consecutive Sequence\[LeetCode]Longest Consecutive Sequence.vcxproj", "{84CA3977-D52E-4069-B6EF-184F8482C6F6}"
EndProject
Project("{8BC9CEB8-8B4A-11D0-8D11-00A0C91BC942}") = "[LeetCode]Palindrome Partitioning", "[LeetCode]Palindrome Partitioning\[LeetCode]Palindrome Partitioning.vcxproj", "{65B8CA61-2579-4CE5-A85A-FF671A992995}"
EndProject
Project("{8BC9CEB8-8B4A-11D0-8D11-00A0C91BC942}") = "[LeetCode]Valid Palindrome", "[LeetCode]Valid Palindrome\[LeetCode]Valid Palindrome.vcxproj", "{AC712A8F-9838-42E7-96EB-6EA352D2D037}"
EndProject
Project("{8BC9CEB8-8B4A-11D0-8D11-00A0C91BC942}") = "[LeetCode]Surrounded Regions", "[LeetCode]Surrounded Regions\[LeetCode]Surrounded Regions.vcxproj", "{EAFE4938-3F85-463B-AB13-4544AA67BB5A}"
EndProject
Project("{8BC9CEB8-8B4A-11D0-8D11-00A0C91BC942}") = "[LeetCode]Single Number II", "[LeetCode]Single Number II\[LeetCode]Single Number II.vcxproj", "{CB8CCFFC-D62C-41B3-8F67-32D6D995A717}"
EndProject
Project("{8BC9CEB8-8B4A-11D0-8D11-00A0C91BC942}") = "[LeetCode]Valid Anagram", "[LeetCode]Valid Anagram\[LeetCode]Valid Anagram.vcxproj", "{00F22CA4-982A-45E3-9D51-05E5901E3E86}"
EndProject
Project("{8BC9CEB8-8B4A-11D0-8D11-00A0C91BC942}") = "[LeetCode]Implement Stack using Queues", "[LeetCode]Implement Stack using Queues\[LeetCode]Implement Stack using Queues.vcxproj", "{5744380B-6B70-460F-BDF6-18782A782CBB}"
EndProject
Project("{8BC9CEB8-8B4A-11D0-8D11-00A0C91BC942}") = "[LeetCode]Compare Version Numbers", "[LeetCode]Compare Version Numbers\[LeetCode]Compare Version Numbers.vcxproj", "{CF4AC01E-986D-420B-A34F-D5812EC3FCCB}"
EndProject
Project("{8BC9CEB8-8B4A-11D0-8D11-00A0C91BC942}") = "[LeetCode]Implement Queue using Stacks", "[LeetCode]Implement Queue using Stacks\[LeetCode]Implement Queue using Stacks.vcxproj", "{394935B3-04FA-4493-A4AE-89EB4E77A983}"
EndProject
Project("{8BC9CEB8-8B4A-11D0-8D11-00A0C91BC942}") = "[LeetCode]Power of Two", "[LeetCode]Power of Two\[LeetCode]Power of Two.vcxproj", "{E1D45EA3-2EC2-4F43-8B73-1C497C55F055}"
EndProject
Project("{8BC9CEB8-8B4A-11D0-8D11-00A0C91BC942}") = "[LeetCode]Excel Sheet Column Title", "[LeetCode]Excel Sheet Column Title\[LeetCode]Excel Sheet Column Title.vcxproj", "{420332B8-F094-45A8-AF3C-60DB143552B6}"
EndProject
Project("{8BC9CEB8-8B4A-11D0-8D11-00A0C91BC942}") = "[LeetCode]Excel Sheet Column Number", "[LeetCode]Excel Sheet Column Number\[LeetCode]Excel Sheet Column Number.vcxproj", "{32B5B2EC-6149-4FF9-9938-2539F3F48623}"
EndProject
Project("{8BC9CEB8-8B4A-11D0-8D11-00A0C91BC942}") = "[LeetCode]Factorial Trailing Zeroes", "[LeetCode]Factorial Trailing Zeroes\[LeetCode]Factorial Trailing Zeroes.vcxproj", "{A1AA3719-7136-434A-AD5F-68D3F9648E86}"
EndProject
Project("{8BC9CEB8-8B4A-11D0-8D11-00A0C91BC942}") = "[LeetCode]Count Primes", "[LeetCode]Count Primes\[LeetCode]Count Primes.vcxproj", "{E86362A8-CE3B-43A3-B4AF-F82ABBFE8818}"
EndProject
Project("{8BC9CEB8-8B4A-11D0-8D11-00A0C91BC942}") = "[LeetCode]Minimum Size Subarray Sum", "[LeetCode]Minimum Size Subarray Sum\[LeetCode]Minimum Size Subarray Sum.vcxproj", "{99BD3725-E880-4A96-B00C-0BE9A4149864}"
EndProject
Project("{8BC9CEB8-8B4A-11D0-8D11-00A0C91BC942}") = "[LeetCode]Product of Array Except Self", "[LeetCode]Product of Array Except Self\[LeetCode]Product of Array Except Self.vcxproj", "{F112CD08-3268-4CC3-B2A6-15BFC96DF15C}"
EndProject
Project("{8BC9CEB8-8B4A-11D0-8D11-00A0C91BC942}") = "[LeetCode]Summary Ranges", "[LeetCode]Summary Ranges\[LeetCode]Summary Ranges.vcxproj", "{DC52D566-6F67-4C4A-89E3-F32BD2817F6F}"
EndProject
Project("{8BC9CEB8-8B4A-11D0-8D11-00A0C91BC942}") = "[LeetCode]Word Ladder II", "[LeetCode]Word Ladder II\[LeetCode]Word Ladder II.vcxproj", "{D5615AA6-CB57-4F3E-8B13-8D358FEFFBAB}"
EndProject
Project("{8BC9CEB8-8B4A-11D0-8D11-00A0C91BC942}") = "[LeetCode]Word Ladder", "[LeetCode]Word Ladder\[LeetCode]Word Ladder.vcxproj", "{3303EAA8-3EB0-4BC4-8CE7-6E31DADC0AF5}"
EndProject
Project("{8BC9CEB8-8B4A-11D0-8D11-00A0C91BC942}") = "[LeetCode]Reverse Bits", "[LeetCode]Reverse Bits\[LeetCode]Reverse Bits.vcxproj", "{55D9536F-EE67-4A92-B3FD-7E399DF50631}"
EndProject
Project("{8BC9CEB8-8B4A-11D0-8D11-00A0C91BC942}") = "[LeetCode]Number of 1 Bits", "[LeetCode]Number of 1 Bits\[LeetCode]Number of 1 Bits.vcxproj", "{A84B4951-F80C-49E1-97EE-4CD8F31B3BCA}"
EndProject
Project("{8BC9CEB8-8B4A-11D0-8D11-00A0C91BC942}") = "[LeetCode]Isomorphic Strings", "[LeetCode]Isomorphic Strings\[LeetCode]Isomorphic Strings.vcxproj", "{9CF681F7-CBB1-4205-A496-E6A26E19AC48}"
EndProject
Project("{8BC9CEB8-8B4A-11D0-8D11-00A0C91BC942}") = "[LeetCode]Happy Number", "[LeetCode]Happy Number\[LeetCode]Happy Number.vcxproj", "{E07A881D-76AC-4FCB-9EB2-FEAA593D4EB6}"
EndProject
Project("{8BC9CEB8-8B4A-11D0-8D11-00A0C91BC942}") = "[LeetCode]Add Digits", "[LeetCode]Add Digits\[LeetCode]Add Digits.vcxproj", "{ACCD0245-9B7B-4A78-8CA7-950336F6DED2}"
EndProject
Project("{8BC9CEB8-8B4A-11D0-8D11-00A0C91BC942}") = "[LeetCode]Delete Node in a Linked List", "[LeetCode]Delete Node in a Linked List\[LeetCode]Delete Node in a Linked List.vcxproj", "{7B932464-73E9-4E27-9EB1-E4CD0FDFFCD7}"
EndProject
Global
	GlobalSection(SolutionConfigurationPlatforms) = preSolution
		Debug|Win32 = Debug|Win32
		Release|Win32 = Release|Win32
	EndGlobalSection
	GlobalSection(ProjectConfigurationPlatforms) = postSolution
		{5757618B-DC3F-42A1-AC41-AF989651FA09}.Debug|Win32.ActiveCfg = Debug|Win32
		{5757618B-DC3F-42A1-AC41-AF989651FA09}.Debug|Win32.Build.0 = Debug|Win32
		{5757618B-DC3F-42A1-AC41-AF989651FA09}.Release|Win32.ActiveCfg = Release|Win32
		{5757618B-DC3F-42A1-AC41-AF989651FA09}.Release|Win32.Build.0 = Release|Win32
		{D3E7D9F6-7F8D-4C3E-A5BC-FA41632DF6A9}.Debug|Win32.ActiveCfg = Debug|Win32
		{D3E7D9F6-7F8D-4C3E-A5BC-FA41632DF6A9}.Debug|Win32.Build.0 = Debug|Win32
		{D3E7D9F6-7F8D-4C3E-A5BC-FA41632DF6A9}.Release|Win32.ActiveCfg = Release|Win32
		{D3E7D9F6-7F8D-4C3E-A5BC-FA41632DF6A9}.Release|Win32.Build.0 = Release|Win32
		{78271B3F-07B0-4BE1-B3B6-E1BB3ED44217}.Debug|Win32.ActiveCfg = Debug|Win32
		{78271B3F-07B0-4BE1-B3B6-E1BB3ED44217}.Debug|Win32.Build.0 = Debug|Win32
		{78271B3F-07B0-4BE1-B3B6-E1BB3ED44217}.Release|Win32.ActiveCfg = Release|Win32
		{78271B3F-07B0-4BE1-B3B6-E1BB3ED44217}.Release|Win32.Build.0 = Release|Win32
		{5B1D28F8-7CDB-4073-B217-A47AA1633995}.Debug|Win32.ActiveCfg = Debug|Win32
		{5B1D28F8-7CDB-4073-B217-A47AA1633995}.Debug|Win32.Build.0 = Debug|Win32
		{5B1D28F8-7CDB-4073-B217-A47AA1633995}.Release|Win32.ActiveCfg = Release|Win32
		{5B1D28F8-7CDB-4073-B217-A47AA1633995}.Release|Win32.Build.0 = Release|Win32
		{0ED98D41-D353-4806-BF65-A7B4EFF391B8}.Debug|Win32.ActiveCfg = Debug|Win32
		{0ED98D41-D353-4806-BF65-A7B4EFF391B8}.Debug|Win32.Build.0 = Debug|Win32
		{0ED98D41-D353-4806-BF65-A7B4EFF391B8}.Release|Win32.ActiveCfg = Release|Win32
		{0ED98D41-D353-4806-BF65-A7B4EFF391B8}.Release|Win32.Build.0 = Release|Win32
		{F0EB4EF4-E068-4D3E-A55A-ED889AED7881}.Debug|Win32.ActiveCfg = Debug|Win32
		{F0EB4EF4-E068-4D3E-A55A-ED889AED7881}.Debug|Win32.Build.0 = Debug|Win32
		{F0EB4EF4-E068-4D3E-A55A-ED889AED7881}.Release|Win32.ActiveCfg = Release|Win32
		{F0EB4EF4-E068-4D3E-A55A-ED889AED7881}.Release|Win32.Build.0 = Release|Win32
		{C90625AB-7429-43D9-80FD-5573C80BEA93}.Debug|Win32.ActiveCfg = Debug|Win32
		{C90625AB-7429-43D9-80FD-5573C80BEA93}.Debug|Win32.Build.0 = Debug|Win32
		{C90625AB-7429-43D9-80FD-5573C80BEA93}.Release|Win32.ActiveCfg = Release|Win32
		{C90625AB-7429-43D9-80FD-5573C80BEA93}.Release|Win32.Build.0 = Release|Win32
		{E622A93A-4DC1-48B6-8BCF-960BD2B38BC3}.Debug|Win32.ActiveCfg = Debug|Win32
		{E622A93A-4DC1-48B6-8BCF-960BD2B38BC3}.Debug|Win32.Build.0 = Debug|Win32
		{E622A93A-4DC1-48B6-8BCF-960BD2B38BC3}.Release|Win32.ActiveCfg = Release|Win32
		{E622A93A-4DC1-48B6-8BCF-960BD2B38BC3}.Release|Win32.Build.0 = Release|Win32
		{E2F99DAE-993D-4383-A5F6-6ED3F4F38386}.Debug|Win32.ActiveCfg = Debug|Win32
		{E2F99DAE-993D-4383-A5F6-6ED3F4F38386}.Debug|Win32.Build.0 = Debug|Win32
		{E2F99DAE-993D-4383-A5F6-6ED3F4F38386}.Release|Win32.ActiveCfg = Release|Win32
		{E2F99DAE-993D-4383-A5F6-6ED3F4F38386}.Release|Win32.Build.0 = Release|Win32
		{1F8402C1-76C1-446D-A3BC-D93B961EB4C8}.Debug|Win32.ActiveCfg = Debug|Win32
		{1F8402C1-76C1-446D-A3BC-D93B961EB4C8}.Debug|Win32.Build.0 = Debug|Win32
		{1F8402C1-76C1-446D-A3BC-D93B961EB4C8}.Release|Win32.ActiveCfg = Release|Win32
		{1F8402C1-76C1-446D-A3BC-D93B961EB4C8}.Release|Win32.Build.0 = Release|Win32
		{8BD82DFD-703C-4016-A075-C9857C558058}.Debug|Win32.ActiveCfg = Debug|Win32
		{8BD82DFD-703C-4016-A075-C9857C558058}.Debug|Win32.Build.0 = Debug|Win32
		{8BD82DFD-703C-4016-A075-C9857C558058}.Release|Win32.ActiveCfg = Release|Win32
		{8BD82DFD-703C-4016-A075-C9857C558058}.Release|Win32.Build.0 = Release|Win32
		{A9E49D38-6351-403D-AD90-0059FA45106A}.Debug|Win32.ActiveCfg = Debug|Win32
		{A9E49D38-6351-403D-AD90-0059FA45106A}.Debug|Win32.Build.0 = Debug|Win32
		{A9E49D38-6351-403D-AD90-0059FA45106A}.Release|Win32.ActiveCfg = Release|Win32
		{A9E49D38-6351-403D-AD90-0059FA45106A}.Release|Win32.Build.0 = Release|Win32
		{AB4534CB-C734-45B2-B559-854D1FA4BAD9}.Debug|Win32.ActiveCfg = Debug|Win32
		{AB4534CB-C734-45B2-B559-854D1FA4BAD9}.Debug|Win32.Build.0 = Debug|Win32
		{AB4534CB-C734-45B2-B559-854D1FA4BAD9}.Release|Win32.ActiveCfg = Release|Win32
		{AB4534CB-C734-45B2-B559-854D1FA4BAD9}.Release|Win32.Build.0 = Release|Win32
		{290EC8A9-3B33-4873-9EFE-39E40B79753F}.Debug|Win32.ActiveCfg = Debug|Win32
		{290EC8A9-3B33-4873-9EFE-39E40B79753F}.Debug|Win32.Build.0 = Debug|Win32
		{290EC8A9-3B33-4873-9EFE-39E40B79753F}.Release|Win32.ActiveCfg = Release|Win32
		{290EC8A9-3B33-4873-9EFE-39E40B79753F}.Release|Win32.Build.0 = Release|Win32
		{5558EABF-CAC1-4E9C-80A2-86E9C94BABCD}.Debug|Win32.ActiveCfg = Debug|Win32
		{5558EABF-CAC1-4E9C-80A2-86E9C94BABCD}.Debug|Win32.Build.0 = Debug|Win32
		{5558EABF-CAC1-4E9C-80A2-86E9C94BABCD}.Release|Win32.ActiveCfg = Release|Win32
		{5558EABF-CAC1-4E9C-80A2-86E9C94BABCD}.Release|Win32.Build.0 = Release|Win32
		{838663C7-5500-4E2E-85A9-FB7BB38F8D65}.Debug|Win32.ActiveCfg = Debug|Win32
		{838663C7-5500-4E2E-85A9-FB7BB38F8D65}.Debug|Win32.Build.0 = Debug|Win32
		{838663C7-5500-4E2E-85A9-FB7BB38F8D65}.Release|Win32.ActiveCfg = Release|Win32
		{838663C7-5500-4E2E-85A9-FB7BB38F8D65}.Release|Win32.Build.0 = Release|Win32
		{6AF5BE55-9382-459E-B0B2-C46AB490A1D3}.Debug|Win32.ActiveCfg = Debug|Win32
		{6AF5BE55-9382-459E-B0B2-C46AB490A1D3}.Debug|Win32.Build.0 = Debug|Win32
		{6AF5BE55-9382-459E-B0B2-C46AB490A1D3}.Release|Win32.ActiveCfg = Release|Win32
		{6AF5BE55-9382-459E-B0B2-C46AB490A1D3}.Release|Win32.Build.0 = Release|Win32
		{2A6E9F46-BD59-4F4D-B749-CDADBDA1A38D}.Debug|Win32.ActiveCfg = Debug|Win32
		{2A6E9F46-BD59-4F4D-B749-CDADBDA1A38D}.Debug|Win32.Build.0 = Debug|Win32
		{2A6E9F46-BD59-4F4D-B749-CDADBDA1A38D}.Release|Win32.ActiveCfg = Release|Win32
		{2A6E9F46-BD59-4F4D-B749-CDADBDA1A38D}.Release|Win32.Build.0 = Release|Win32
		{F326753B-4F87-4011-BB11-539E3BC62254}.Debug|Win32.ActiveCfg = Debug|Win32
		{F326753B-4F87-4011-BB11-539E3BC62254}.Debug|Win32.Build.0 = Debug|Win32
		{F326753B-4F87-4011-BB11-539E3BC62254}.Release|Win32.ActiveCfg = Release|Win32
		{F326753B-4F87-4011-BB11-539E3BC62254}.Release|Win32.Build.0 = Release|Win32
		{92B90173-F757-4E5A-814B-F5FA4AE85E75}.Debug|Win32.ActiveCfg = Debug|Win32
		{92B90173-F757-4E5A-814B-F5FA4AE85E75}.Debug|Win32.Build.0 = Debug|Win32
		{92B90173-F757-4E5A-814B-F5FA4AE85E75}.Release|Win32.ActiveCfg = Release|Win32
		{92B90173-F757-4E5A-814B-F5FA4AE85E75}.Release|Win32.Build.0 = Release|Win32
		{1D0294C4-BF8E-4E57-9ADB-B2735286BF69}.Debug|Win32.ActiveCfg = Debug|Win32
		{1D0294C4-BF8E-4E57-9ADB-B2735286BF69}.Debug|Win32.Build.0 = Debug|Win32
		{1D0294C4-BF8E-4E57-9ADB-B2735286BF69}.Release|Win32.ActiveCfg = Release|Win32
		{1D0294C4-BF8E-4E57-9ADB-B2735286BF69}.Release|Win32.Build.0 = Release|Win32
		{9F090B21-F2BC-4AD2-B14D-52081A882CCD}.Debug|Win32.ActiveCfg = Debug|Win32
		{9F090B21-F2BC-4AD2-B14D-52081A882CCD}.Debug|Win32.Build.0 = Debug|Win32
		{9F090B21-F2BC-4AD2-B14D-52081A882CCD}.Release|Win32.ActiveCfg = Release|Win32
		{9F090B21-F2BC-4AD2-B14D-52081A882CCD}.Release|Win32.Build.0 = Release|Win32
		{1242AB99-706A-4A4E-BE6A-6F2221897405}.Debug|Win32.ActiveCfg = Debug|Win32
		{1242AB99-706A-4A4E-BE6A-6F2221897405}.Debug|Win32.Build.0 = Debug|Win32
		{1242AB99-706A-4A4E-BE6A-6F2221897405}.Release|Win32.ActiveCfg = Release|Win32
		{1242AB99-706A-4A4E-BE6A-6F2221897405}.Release|Win32.Build.0 = Release|Win32
		{643EDB3E-1AD3-4783-9D02-B0EA645E6DFF}.Debug|Win32.ActiveCfg = Debug|Win32
		{643EDB3E-1AD3-4783-9D02-B0EA645E6DFF}.Debug|Win32.Build.0 = Debug|Win32
		{643EDB3E-1AD3-4783-9D02-B0EA645E6DFF}.Release|Win32.ActiveCfg = Release|Win32
		{643EDB3E-1AD3-4783-9D02-B0EA645E6DFF}.Release|Win32.Build.0 = Release|Win32
		{5B5C0549-D63B-40A2-B793-3729440B8086}.Debug|Win32.ActiveCfg = Debug|Win32
		{5B5C0549-D63B-40A2-B793-3729440B8086}.Debug|Win32.Build.0 = Debug|Win32
		{5B5C0549-D63B-40A2-B793-3729440B8086}.Release|Win32.ActiveCfg = Release|Win32
		{5B5C0549-D63B-40A2-B793-3729440B8086}.Release|Win32.Build.0 = Release|Win32
		{119B19AA-FE48-4CDF-9E8A-A2E3B40028C5}.Debug|Win32.ActiveCfg = Debug|Win32
		{119B19AA-FE48-4CDF-9E8A-A2E3B40028C5}.Debug|Win32.Build.0 = Debug|Win32
		{119B19AA-FE48-4CDF-9E8A-A2E3B40028C5}.Release|Win32.ActiveCfg = Release|Win32
		{119B19AA-FE48-4CDF-9E8A-A2E3B40028C5}.Release|Win32.Build.0 = Release|Win32
		{ADA3B64A-2C09-43AF-9177-2996C9F58130}.Debug|Win32.ActiveCfg = Debug|Win32
		{ADA3B64A-2C09-43AF-9177-2996C9F58130}.Debug|Win32.Build.0 = Debug|Win32
		{ADA3B64A-2C09-43AF-9177-2996C9F58130}.Release|Win32.ActiveCfg = Release|Win32
		{ADA3B64A-2C09-43AF-9177-2996C9F58130}.Release|Win32.Build.0 = Release|Win32
		{A66DD46D-34C9-4BDC-9696-36D240343ADE}.Debug|Win32.ActiveCfg = Debug|Win32
		{A66DD46D-34C9-4BDC-9696-36D240343ADE}.Debug|Win32.Build.0 = Debug|Win32
		{A66DD46D-34C9-4BDC-9696-36D240343ADE}.Release|Win32.ActiveCfg = Release|Win32
		{A66DD46D-34C9-4BDC-9696-36D240343ADE}.Release|Win32.Build.0 = Release|Win32
		{EF90CE6A-59AE-400F-9373-FBB22B95ADCC}.Debug|Win32.ActiveCfg = Debug|Win32
		{EF90CE6A-59AE-400F-9373-FBB22B95ADCC}.Debug|Win32.Build.0 = Debug|Win32
		{EF90CE6A-59AE-400F-9373-FBB22B95ADCC}.Release|Win32.ActiveCfg = Release|Win32
		{EF90CE6A-59AE-400F-9373-FBB22B95ADCC}.Release|Win32.Build.0 = Release|Win32
		{99C96779-301F-4BBF-81A7-8BFD56AAA01E}.Debug|Win32.ActiveCfg = Debug|Win32
		{99C96779-301F-4BBF-81A7-8BFD56AAA01E}.Debug|Win32.Build.0 = Debug|Win32
		{99C96779-301F-4BBF-81A7-8BFD56AAA01E}.Release|Win32.ActiveCfg = Release|Win32
		{99C96779-301F-4BBF-81A7-8BFD56AAA01E}.Release|Win32.Build.0 = Release|Win32
		{AD6DEF1F-71A7-4C1E-80D9-B52E8C29AB1C}.Debug|Win32.ActiveCfg = Debug|Win32
		{AD6DEF1F-71A7-4C1E-80D9-B52E8C29AB1C}.Debug|Win32.Build.0 = Debug|Win32
		{AD6DEF1F-71A7-4C1E-80D9-B52E8C29AB1C}.Release|Win32.ActiveCfg = Release|Win32
		{AD6DEF1F-71A7-4C1E-80D9-B52E8C29AB1C}.Release|Win32.Build.0 = Release|Win32
		{819E7C83-3591-4861-B365-84B3DE73A8AD}.Debug|Win32.ActiveCfg = Debug|Win32
		{819E7C83-3591-4861-B365-84B3DE73A8AD}.Debug|Win32.Build.0 = Debug|Win32
		{819E7C83-3591-4861-B365-84B3DE73A8AD}.Release|Win32.ActiveCfg = Release|Win32
		{819E7C83-3591-4861-B365-84B3DE73A8AD}.Release|Win32.Build.0 = Release|Win32
		{DE56DEBB-7A0E-45EB-A4A5-4CC721D5365F}.Debug|Win32.ActiveCfg = Debug|Win32
		{DE56DEBB-7A0E-45EB-A4A5-4CC721D5365F}.Debug|Win32.Build.0 = Debug|Win32
		{DE56DEBB-7A0E-45EB-A4A5-4CC721D5365F}.Release|Win32.ActiveCfg = Release|Win32
		{DE56DEBB-7A0E-45EB-A4A5-4CC721D5365F}.Release|Win32.Build.0 = Release|Win32
		{430B0527-BDAA-4795-BEB7-184D93088369}.Debug|Win32.ActiveCfg = Debug|Win32
		{430B0527-BDAA-4795-BEB7-184D93088369}.Debug|Win32.Build.0 = Debug|Win32
		{430B0527-BDAA-4795-BEB7-184D93088369}.Release|Win32.ActiveCfg = Release|Win32
		{430B0527-BDAA-4795-BEB7-184D93088369}.Release|Win32.Build.0 = Release|Win32
		{C6DCED9A-9250-4AA2-A697-79EE4FEBA0F9}.Debug|Win32.ActiveCfg = Debug|Win32
		{C6DCED9A-9250-4AA2-A697-79EE4FEBA0F9}.Debug|Win32.Build.0 = Debug|Win32
		{C6DCED9A-9250-4AA2-A697-79EE4FEBA0F9}.Release|Win32.ActiveCfg = Release|Win32
		{C6DCED9A-9250-4AA2-A697-79EE4FEBA0F9}.Release|Win32.Build.0 = Release|Win32
		{2836BD33-6194-4543-B96B-0313AB874136}.Debug|Win32.ActiveCfg = Debug|Win32
		{2836BD33-6194-4543-B96B-0313AB874136}.Debug|Win32.Build.0 = Debug|Win32
		{2836BD33-6194-4543-B96B-0313AB874136}.Release|Win32.ActiveCfg = Release|Win32
		{2836BD33-6194-4543-B96B-0313AB874136}.Release|Win32.Build.0 = Release|Win32
		{5FD53D8D-47F7-4C85-9D5B-D115BB2EA090}.Debug|Win32.ActiveCfg = Debug|Win32
		{5FD53D8D-47F7-4C85-9D5B-D115BB2EA090}.Debug|Win32.Build.0 = Debug|Win32
		{5FD53D8D-47F7-4C85-9D5B-D115BB2EA090}.Release|Win32.ActiveCfg = Release|Win32
		{5FD53D8D-47F7-4C85-9D5B-D115BB2EA090}.Release|Win32.Build.0 = Release|Win32
		{999CB2FF-1AD5-4E75-9D78-35D4E73FAFBE}.Debug|Win32.ActiveCfg = Debug|Win32
		{999CB2FF-1AD5-4E75-9D78-35D4E73FAFBE}.Debug|Win32.Build.0 = Debug|Win32
		{999CB2FF-1AD5-4E75-9D78-35D4E73FAFBE}.Release|Win32.ActiveCfg = Release|Win32
		{999CB2FF-1AD5-4E75-9D78-35D4E73FAFBE}.Release|Win32.Build.0 = Release|Win32
		{745D8742-C9C7-4ECB-A290-6BE3C1930ECA}.Debug|Win32.ActiveCfg = Debug|Win32
		{745D8742-C9C7-4ECB-A290-6BE3C1930ECA}.Debug|Win32.Build.0 = Debug|Win32
		{745D8742-C9C7-4ECB-A290-6BE3C1930ECA}.Release|Win32.ActiveCfg = Release|Win32
		{745D8742-C9C7-4ECB-A290-6BE3C1930ECA}.Release|Win32.Build.0 = Release|Win32
		{3CEC0844-7755-40AD-B97B-786FCC98BEF1}.Debug|Win32.ActiveCfg = Debug|Win32
		{3CEC0844-7755-40AD-B97B-786FCC98BEF1}.Debug|Win32.Build.0 = Debug|Win32
		{3CEC0844-7755-40AD-B97B-786FCC98BEF1}.Release|Win32.ActiveCfg = Release|Win32
		{3CEC0844-7755-40AD-B97B-786FCC98BEF1}.Release|Win32.Build.0 = Release|Win32
		{B532E500-ED9C-44DD-AA01-F8C3939D92AE}.Debug|Win32.ActiveCfg = Debug|Win32
		{B532E500-ED9C-44DD-AA01-F8C3939D92AE}.Debug|Win32.Build.0 = Debug|Win32
		{B532E500-ED9C-44DD-AA01-F8C3939D92AE}.Release|Win32.ActiveCfg = Release|Win32
		{B532E500-ED9C-44DD-AA01-F8C3939D92AE}.Release|Win32.Build.0 = Release|Win32
		{7D42A9A5-239A-4918-961F-E2E1C499E1F2}.Debug|Win32.ActiveCfg = Debug|Win32
		{7D42A9A5-239A-4918-961F-E2E1C499E1F2}.Debug|Win32.Build.0 = Debug|Win32
		{7D42A9A5-239A-4918-961F-E2E1C499E1F2}.Release|Win32.ActiveCfg = Release|Win32
		{7D42A9A5-239A-4918-961F-E2E1C499E1F2}.Release|Win32.Build.0 = Release|Win32
		{B64DA7BB-04E5-44EF-8B52-CE0563E93C58}.Debug|Win32.ActiveCfg = Debug|Win32
		{B64DA7BB-04E5-44EF-8B52-CE0563E93C58}.Debug|Win32.Build.0 = Debug|Win32
		{B64DA7BB-04E5-44EF-8B52-CE0563E93C58}.Release|Win32.ActiveCfg = Release|Win32
		{B64DA7BB-04E5-44EF-8B52-CE0563E93C58}.Release|Win32.Build.0 = Release|Win32
		{0BA815A5-F969-4B04-9F22-6B2FEF057B77}.Debug|Win32.ActiveCfg = Debug|Win32
		{0BA815A5-F969-4B04-9F22-6B2FEF057B77}.Debug|Win32.Build.0 = Debug|Win32
		{0BA815A5-F969-4B04-9F22-6B2FEF057B77}.Release|Win32.ActiveCfg = Release|Win32
		{0BA815A5-F969-4B04-9F22-6B2FEF057B77}.Release|Win32.Build.0 = Release|Win32
		{658D8557-7DD8-46A1-97D5-2FA72890EA01}.Debug|Win32.ActiveCfg = Debug|Win32
		{658D8557-7DD8-46A1-97D5-2FA72890EA01}.Debug|Win32.Build.0 = Debug|Win32
		{658D8557-7DD8-46A1-97D5-2FA72890EA01}.Release|Win32.ActiveCfg = Release|Win32
		{658D8557-7DD8-46A1-97D5-2FA72890EA01}.Release|Win32.Build.0 = Release|Win32
		{30C82DB7-BFFC-4100-A860-2E0AB4B7BD32}.Debug|Win32.ActiveCfg = Debug|Win32
		{30C82DB7-BFFC-4100-A860-2E0AB4B7BD32}.Debug|Win32.Build.0 = Debug|Win32
		{30C82DB7-BFFC-4100-A860-2E0AB4B7BD32}.Release|Win32.ActiveCfg = Release|Win32
		{30C82DB7-BFFC-4100-A860-2E0AB4B7BD32}.Release|Win32.Build.0 = Release|Win32
		{78A8E47B-A527-4CBC-B5A5-A099B3BBC2B1}.Debug|Win32.ActiveCfg = Debug|Win32
		{78A8E47B-A527-4CBC-B5A5-A099B3BBC2B1}.Debug|Win32.Build.0 = Debug|Win32
		{78A8E47B-A527-4CBC-B5A5-A099B3BBC2B1}.Release|Win32.ActiveCfg = Release|Win32
		{78A8E47B-A527-4CBC-B5A5-A099B3BBC2B1}.Release|Win32.Build.0 = Release|Win32
		{14368833-D625-4895-8323-0347FBD43CEE}.Debug|Win32.ActiveCfg = Debug|Win32
		{14368833-D625-4895-8323-0347FBD43CEE}.Debug|Win32.Build.0 = Debug|Win32
		{14368833-D625-4895-8323-0347FBD43CEE}.Release|Win32.ActiveCfg = Release|Win32
		{14368833-D625-4895-8323-0347FBD43CEE}.Release|Win32.Build.0 = Release|Win32
		{3ED77E04-D50A-4115-9B93-44E05527AA89}.Debug|Win32.ActiveCfg = Debug|Win32
		{3ED77E04-D50A-4115-9B93-44E05527AA89}.Debug|Win32.Build.0 = Debug|Win32
		{3ED77E04-D50A-4115-9B93-44E05527AA89}.Release|Win32.ActiveCfg = Release|Win32
		{3ED77E04-D50A-4115-9B93-44E05527AA89}.Release|Win32.Build.0 = Release|Win32
		{DB7CFA98-5687-4004-A5F3-D7A79E6E91DC}.Debug|Win32.ActiveCfg = Debug|Win32
		{DB7CFA98-5687-4004-A5F3-D7A79E6E91DC}.Debug|Win32.Build.0 = Debug|Win32
		{DB7CFA98-5687-4004-A5F3-D7A79E6E91DC}.Release|Win32.ActiveCfg = Release|Win32
		{DB7CFA98-5687-4004-A5F3-D7A79E6E91DC}.Release|Win32.Build.0 = Release|Win32
		{C3BE4637-D78A-44FF-AC43-A226AA1723D1}.Debug|Win32.ActiveCfg = Debug|Win32
		{C3BE4637-D78A-44FF-AC43-A226AA1723D1}.Debug|Win32.Build.0 = Debug|Win32
		{C3BE4637-D78A-44FF-AC43-A226AA1723D1}.Release|Win32.ActiveCfg = Release|Win32
		{C3BE4637-D78A-44FF-AC43-A226AA1723D1}.Release|Win32.Build.0 = Release|Win32
		{8B1810F6-2154-40BB-8752-DF569EFEC28B}.Debug|Win32.ActiveCfg = Debug|Win32
		{8B1810F6-2154-40BB-8752-DF569EFEC28B}.Debug|Win32.Build.0 = Debug|Win32
		{8B1810F6-2154-40BB-8752-DF569EFEC28B}.Release|Win32.ActiveCfg = Release|Win32
		{8B1810F6-2154-40BB-8752-DF569EFEC28B}.Release|Win32.Build.0 = Release|Win32
		{80B8F6C8-0B95-40B0-9477-256014859BEE}.Debug|Win32.ActiveCfg = Debug|Win32
		{80B8F6C8-0B95-40B0-9477-256014859BEE}.Debug|Win32.Build.0 = Debug|Win32
		{80B8F6C8-0B95-40B0-9477-256014859BEE}.Release|Win32.ActiveCfg = Release|Win32
		{80B8F6C8-0B95-40B0-9477-256014859BEE}.Release|Win32.Build.0 = Release|Win32
		{B5F91C54-7FA9-4899-8A80-1E43E5D9EEE9}.Debug|Win32.ActiveCfg = Debug|Win32
		{B5F91C54-7FA9-4899-8A80-1E43E5D9EEE9}.Debug|Win32.Build.0 = Debug|Win32
		{B5F91C54-7FA9-4899-8A80-1E43E5D9EEE9}.Release|Win32.ActiveCfg = Release|Win32
		{B5F91C54-7FA9-4899-8A80-1E43E5D9EEE9}.Release|Win32.Build.0 = Release|Win32
		{36224A2E-DA8F-4537-8016-C6F9B2D89F10}.Debug|Win32.ActiveCfg = Debug|Win32
		{36224A2E-DA8F-4537-8016-C6F9B2D89F10}.Debug|Win32.Build.0 = Debug|Win32
		{36224A2E-DA8F-4537-8016-C6F9B2D89F10}.Release|Win32.ActiveCfg = Release|Win32
		{36224A2E-DA8F-4537-8016-C6F9B2D89F10}.Release|Win32.Build.0 = Release|Win32
		{E2D1462C-66FD-42D7-B227-C8F7711A2E6B}.Debug|Win32.ActiveCfg = Debug|Win32
		{E2D1462C-66FD-42D7-B227-C8F7711A2E6B}.Debug|Win32.Build.0 = Debug|Win32
		{E2D1462C-66FD-42D7-B227-C8F7711A2E6B}.Release|Win32.ActiveCfg = Release|Win32
		{E2D1462C-66FD-42D7-B227-C8F7711A2E6B}.Release|Win32.Build.0 = Release|Win32
		{75058D19-4A0D-4998-9935-251FB9A26707}.Debug|Win32.ActiveCfg = Debug|Win32
		{75058D19-4A0D-4998-9935-251FB9A26707}.Debug|Win32.Build.0 = Debug|Win32
		{75058D19-4A0D-4998-9935-251FB9A26707}.Release|Win32.ActiveCfg = Release|Win32
		{75058D19-4A0D-4998-9935-251FB9A26707}.Release|Win32.Build.0 = Release|Win32
		{CB9E6DDF-4893-4BDA-BDDD-29BF1101BAD8}.Debug|Win32.ActiveCfg = Debug|Win32
		{CB9E6DDF-4893-4BDA-BDDD-29BF1101BAD8}.Debug|Win32.Build.0 = Debug|Win32
		{CB9E6DDF-4893-4BDA-BDDD-29BF1101BAD8}.Release|Win32.ActiveCfg = Release|Win32
		{CB9E6DDF-4893-4BDA-BDDD-29BF1101BAD8}.Release|Win32.Build.0 = Release|Win32
		{B565904F-6FC6-4416-8403-C702E8FFE13C}.Debug|Win32.ActiveCfg = Debug|Win32
		{B565904F-6FC6-4416-8403-C702E8FFE13C}.Debug|Win32.Build.0 = Debug|Win32
		{B565904F-6FC6-4416-8403-C702E8FFE13C}.Release|Win32.ActiveCfg = Release|Win32
		{B565904F-6FC6-4416-8403-C702E8FFE13C}.Release|Win32.Build.0 = Release|Win32
		{BD7C7008-9C4F-4CC7-9734-BE467774CA4F}.Debug|Win32.ActiveCfg = Debug|Win32
		{BD7C7008-9C4F-4CC7-9734-BE467774CA4F}.Debug|Win32.Build.0 = Debug|Win32
		{BD7C7008-9C4F-4CC7-9734-BE467774CA4F}.Release|Win32.ActiveCfg = Release|Win32
		{BD7C7008-9C4F-4CC7-9734-BE467774CA4F}.Release|Win32.Build.0 = Release|Win32
		{4B22AB52-4A3A-4462-90F9-20FB85C2EDB4}.Debug|Win32.ActiveCfg = Debug|Win32
		{4B22AB52-4A3A-4462-90F9-20FB85C2EDB4}.Debug|Win32.Build.0 = Debug|Win32
		{4B22AB52-4A3A-4462-90F9-20FB85C2EDB4}.Release|Win32.ActiveCfg = Release|Win32
		{4B22AB52-4A3A-4462-90F9-20FB85C2EDB4}.Release|Win32.Build.0 = Release|Win32
		{9EA652D1-D2ED-4E88-9DE6-8AA01A51B312}.Debug|Win32.ActiveCfg = Debug|Win32
		{9EA652D1-D2ED-4E88-9DE6-8AA01A51B312}.Debug|Win32.Build.0 = Debug|Win32
		{9EA652D1-D2ED-4E88-9DE6-8AA01A51B312}.Release|Win32.ActiveCfg = Release|Win32
		{9EA652D1-D2ED-4E88-9DE6-8AA01A51B312}.Release|Win32.Build.0 = Release|Win32
		{F8B7FB3E-81E8-425B-A532-B943E0494BAA}.Debug|Win32.ActiveCfg = Debug|Win32
		{F8B7FB3E-81E8-425B-A532-B943E0494BAA}.Debug|Win32.Build.0 = Debug|Win32
		{F8B7FB3E-81E8-425B-A532-B943E0494BAA}.Release|Win32.ActiveCfg = Release|Win32
		{F8B7FB3E-81E8-425B-A532-B943E0494BAA}.Release|Win32.Build.0 = Release|Win32
		{CA5F5622-B9D1-41DB-A5DA-E856BACB5DAE}.Debug|Win32.ActiveCfg = Debug|Win32
		{CA5F5622-B9D1-41DB-A5DA-E856BACB5DAE}.Debug|Win32.Build.0 = Debug|Win32
		{CA5F5622-B9D1-41DB-A5DA-E856BACB5DAE}.Release|Win32.ActiveCfg = Release|Win32
		{CA5F5622-B9D1-41DB-A5DA-E856BACB5DAE}.Release|Win32.Build.0 = Release|Win32
		{F460C102-3C5F-419E-B5A1-DBC92F793691}.Debug|Win32.ActiveCfg = Debug|Win32
		{F460C102-3C5F-419E-B5A1-DBC92F793691}.Debug|Win32.Build.0 = Debug|Win32
		{F460C102-3C5F-419E-B5A1-DBC92F793691}.Release|Win32.ActiveCfg = Release|Win32
		{F460C102-3C5F-419E-B5A1-DBC92F793691}.Release|Win32.Build.0 = Release|Win32
		{17FCAC65-A9B4-417C-9C5A-66823254C7AE}.Debug|Win32.ActiveCfg = Debug|Win32
		{17FCAC65-A9B4-417C-9C5A-66823254C7AE}.Debug|Win32.Build.0 = Debug|Win32
		{17FCAC65-A9B4-417C-9C5A-66823254C7AE}.Release|Win32.ActiveCfg = Release|Win32
		{17FCAC65-A9B4-417C-9C5A-66823254C7AE}.Release|Win32.Build.0 = Release|Win32
		{DB25749E-9689-4182-9FB1-13ED55D28709}.Debug|Win32.ActiveCfg = Debug|Win32
		{DB25749E-9689-4182-9FB1-13ED55D28709}.Debug|Win32.Build.0 = Debug|Win32
		{DB25749E-9689-4182-9FB1-13ED55D28709}.Release|Win32.ActiveCfg = Release|Win32
		{DB25749E-9689-4182-9FB1-13ED55D28709}.Release|Win32.Build.0 = Release|Win32
		{B40EF14B-129F-4B40-BF25-D13FCAF28038}.Debug|Win32.ActiveCfg = Debug|Win32
		{B40EF14B-129F-4B40-BF25-D13FCAF28038}.Debug|Win32.Build.0 = Debug|Win32
		{B40EF14B-129F-4B40-BF25-D13FCAF28038}.Release|Win32.ActiveCfg = Release|Win32
		{B40EF14B-129F-4B40-BF25-D13FCAF28038}.Release|Win32.Build.0 = Release|Win32
		{3CA45C0F-5370-4AEB-999B-E7CED293EC8C}.Debug|Win32.ActiveCfg = Debug|Win32
		{3CA45C0F-5370-4AEB-999B-E7CED293EC8C}.Debug|Win32.Build.0 = Debug|Win32
		{3CA45C0F-5370-4AEB-999B-E7CED293EC8C}.Release|Win32.ActiveCfg = Release|Win32
		{3CA45C0F-5370-4AEB-999B-E7CED293EC8C}.Release|Win32.Build.0 = Release|Win32
		{73A867AA-0179-4413-B0DD-A18C4A07CF21}.Debug|Win32.ActiveCfg = Debug|Win32
		{73A867AA-0179-4413-B0DD-A18C4A07CF21}.Debug|Win32.Build.0 = Debug|Win32
		{73A867AA-0179-4413-B0DD-A18C4A07CF21}.Release|Win32.ActiveCfg = Release|Win32
		{73A867AA-0179-4413-B0DD-A18C4A07CF21}.Release|Win32.Build.0 = Release|Win32
		{ADC19BBD-981D-4CEF-ABFA-10ED076ABD03}.Debug|Win32.ActiveCfg = Debug|Win32
		{ADC19BBD-981D-4CEF-ABFA-10ED076ABD03}.Debug|Win32.Build.0 = Debug|Win32
		{ADC19BBD-981D-4CEF-ABFA-10ED076ABD03}.Release|Win32.ActiveCfg = Release|Win32
		{ADC19BBD-981D-4CEF-ABFA-10ED076ABD03}.Release|Win32.Build.0 = Release|Win32
		{52886AB0-3D8E-46F6-9F2F-7EBD66FCE753}.Debug|Win32.ActiveCfg = Debug|Win32
		{52886AB0-3D8E-46F6-9F2F-7EBD66FCE753}.Debug|Win32.Build.0 = Debug|Win32
		{52886AB0-3D8E-46F6-9F2F-7EBD66FCE753}.Release|Win32.ActiveCfg = Release|Win32
		{52886AB0-3D8E-46F6-9F2F-7EBD66FCE753}.Release|Win32.Build.0 = Release|Win32
		{4B24CA31-1A7C-4508-9C0F-41C050F3D710}.Debug|Win32.ActiveCfg = Debug|Win32
		{4B24CA31-1A7C-4508-9C0F-41C050F3D710}.Debug|Win32.Build.0 = Debug|Win32
		{4B24CA31-1A7C-4508-9C0F-41C050F3D710}.Release|Win32.ActiveCfg = Release|Win32
		{4B24CA31-1A7C-4508-9C0F-41C050F3D710}.Release|Win32.Build.0 = Release|Win32
		{B3307C85-6FD0-4154-B2AD-272CF11D01F6}.Debug|Win32.ActiveCfg = Debug|Win32
		{B3307C85-6FD0-4154-B2AD-272CF11D01F6}.Debug|Win32.Build.0 = Debug|Win32
		{B3307C85-6FD0-4154-B2AD-272CF11D01F6}.Release|Win32.ActiveCfg = Release|Win32
		{B3307C85-6FD0-4154-B2AD-272CF11D01F6}.Release|Win32.Build.0 = Release|Win32
		{6F9DA6FB-C920-44D5-ACFA-1895D16ECA01}.Debug|Win32.ActiveCfg = Debug|Win32
		{6F9DA6FB-C920-44D5-ACFA-1895D16ECA01}.Debug|Win32.Build.0 = Debug|Win32
		{6F9DA6FB-C920-44D5-ACFA-1895D16ECA01}.Release|Win32.ActiveCfg = Release|Win32
		{6F9DA6FB-C920-44D5-ACFA-1895D16ECA01}.Release|Win32.Build.0 = Release|Win32
		{0D92971E-9B08-44C3-A638-EED6B5FD3B06}.Debug|Win32.ActiveCfg = Debug|Win32
		{0D92971E-9B08-44C3-A638-EED6B5FD3B06}.Debug|Win32.Build.0 = Debug|Win32
		{0D92971E-9B08-44C3-A638-EED6B5FD3B06}.Release|Win32.ActiveCfg = Release|Win32
		{0D92971E-9B08-44C3-A638-EED6B5FD3B06}.Release|Win32.Build.0 = Release|Win32
		{BA9ED153-F005-453C-9C0A-5C2193C3FE76}.Debug|Win32.ActiveCfg = Debug|Win32
		{BA9ED153-F005-453C-9C0A-5C2193C3FE76}.Debug|Win32.Build.0 = Debug|Win32
		{BA9ED153-F005-453C-9C0A-5C2193C3FE76}.Release|Win32.ActiveCfg = Release|Win32
		{BA9ED153-F005-453C-9C0A-5C2193C3FE76}.Release|Win32.Build.0 = Release|Win32
		{0A6F643B-9F1E-45B3-A91A-DBB9662846BC}.Debug|Win32.ActiveCfg = Debug|Win32
		{0A6F643B-9F1E-45B3-A91A-DBB9662846BC}.Debug|Win32.Build.0 = Debug|Win32
		{0A6F643B-9F1E-45B3-A91A-DBB9662846BC}.Release|Win32.ActiveCfg = Release|Win32
		{0A6F643B-9F1E-45B3-A91A-DBB9662846BC}.Release|Win32.Build.0 = Release|Win32
		{E3975B43-7F70-42CF-B2B8-99DB6F81C544}.Debug|Win32.ActiveCfg = Debug|Win32
		{E3975B43-7F70-42CF-B2B8-99DB6F81C544}.Debug|Win32.Build.0 = Debug|Win32
		{E3975B43-7F70-42CF-B2B8-99DB6F81C544}.Release|Win32.ActiveCfg = Release|Win32
		{E3975B43-7F70-42CF-B2B8-99DB6F81C544}.Release|Win32.Build.0 = Release|Win32
		{AF0211C2-9F21-45E2-9D04-58967247B75A}.Debug|Win32.ActiveCfg = Debug|Win32
		{AF0211C2-9F21-45E2-9D04-58967247B75A}.Debug|Win32.Build.0 = Debug|Win32
		{AF0211C2-9F21-45E2-9D04-58967247B75A}.Release|Win32.ActiveCfg = Release|Win32
		{AF0211C2-9F21-45E2-9D04-58967247B75A}.Release|Win32.Build.0 = Release|Win32
		{BAE90C7B-C63C-44F4-8E20-30CFD0F62504}.Debug|Win32.ActiveCfg = Debug|Win32
		{BAE90C7B-C63C-44F4-8E20-30CFD0F62504}.Debug|Win32.Build.0 = Debug|Win32
		{BAE90C7B-C63C-44F4-8E20-30CFD0F62504}.Release|Win32.ActiveCfg = Release|Win32
		{BAE90C7B-C63C-44F4-8E20-30CFD0F62504}.Release|Win32.Build.0 = Release|Win32
		{C3B19568-A411-4E0D-AB53-32AF376EFB0F}.Debug|Win32.ActiveCfg = Debug|Win32
		{C3B19568-A411-4E0D-AB53-32AF376EFB0F}.Debug|Win32.Build.0 = Debug|Win32
		{C3B19568-A411-4E0D-AB53-32AF376EFB0F}.Release|Win32.ActiveCfg = Release|Win32
		{C3B19568-A411-4E0D-AB53-32AF376EFB0F}.Release|Win32.Build.0 = Release|Win32
		{4ED43535-0C3F-49CD-A5A6-03D3EC798D38}.Debug|Win32.ActiveCfg = Debug|Win32
		{4ED43535-0C3F-49CD-A5A6-03D3EC798D38}.Debug|Win32.Build.0 = Debug|Win32
		{4ED43535-0C3F-49CD-A5A6-03D3EC798D38}.Release|Win32.ActiveCfg = Release|Win32
		{4ED43535-0C3F-49CD-A5A6-03D3EC798D38}.Release|Win32.Build.0 = Release|Win32
		{635F3870-2031-4637-9B2D-F32831E1DD96}.Debug|Win32.ActiveCfg = Debug|Win32
		{635F3870-2031-4637-9B2D-F32831E1DD96}.Debug|Win32.Build.0 = Debug|Win32
		{635F3870-2031-4637-9B2D-F32831E1DD96}.Release|Win32.ActiveCfg = Release|Win32
		{635F3870-2031-4637-9B2D-F32831E1DD96}.Release|Win32.Build.0 = Release|Win32
		{8BFD90E2-A5A7-4AAB-AB43-7B4F650D1E36}.Debug|Win32.ActiveCfg = Debug|Win32
		{8BFD90E2-A5A7-4AAB-AB43-7B4F650D1E36}.Debug|Win32.Build.0 = Debug|Win32
		{8BFD90E2-A5A7-4AAB-AB43-7B4F650D1E36}.Release|Win32.ActiveCfg = Release|Win32
		{8BFD90E2-A5A7-4AAB-AB43-7B4F650D1E36}.Release|Win32.Build.0 = Release|Win32
		{CD6525A4-1CE0-43D7-87A3-6EB3989F86C4}.Debug|Win32.ActiveCfg = Debug|Win32
		{CD6525A4-1CE0-43D7-87A3-6EB3989F86C4}.Debug|Win32.Build.0 = Debug|Win32
		{CD6525A4-1CE0-43D7-87A3-6EB3989F86C4}.Release|Win32.ActiveCfg = Release|Win32
		{CD6525A4-1CE0-43D7-87A3-6EB3989F86C4}.Release|Win32.Build.0 = Release|Win32
		{E5D85A84-69F1-4032-9348-E8E513841DE6}.Debug|Win32.ActiveCfg = Debug|Win32
		{E5D85A84-69F1-4032-9348-E8E513841DE6}.Debug|Win32.Build.0 = Debug|Win32
		{E5D85A84-69F1-4032-9348-E8E513841DE6}.Release|Win32.ActiveCfg = Release|Win32
		{E5D85A84-69F1-4032-9348-E8E513841DE6}.Release|Win32.Build.0 = Release|Win32
		{ABC7CE37-386B-45CE-BDFD-EA8B0FA7053E}.Debug|Win32.ActiveCfg = Debug|Win32
		{ABC7CE37-386B-45CE-BDFD-EA8B0FA7053E}.Debug|Win32.Build.0 = Debug|Win32
		{ABC7CE37-386B-45CE-BDFD-EA8B0FA7053E}.Release|Win32.ActiveCfg = Release|Win32
		{ABC7CE37-386B-45CE-BDFD-EA8B0FA7053E}.Release|Win32.Build.0 = Release|Win32
		{98865C51-0331-449F-AD15-8CDFDEC5D248}.Debug|Win32.ActiveCfg = Debug|Win32
		{98865C51-0331-449F-AD15-8CDFDEC5D248}.Debug|Win32.Build.0 = Debug|Win32
		{98865C51-0331-449F-AD15-8CDFDEC5D248}.Release|Win32.ActiveCfg = Release|Win32
		{98865C51-0331-449F-AD15-8CDFDEC5D248}.Release|Win32.Build.0 = Release|Win32
		{E266D361-EA18-4F90-AB73-F1BCC60D759C}.Debug|Win32.ActiveCfg = Debug|Win32
		{E266D361-EA18-4F90-AB73-F1BCC60D759C}.Debug|Win32.Build.0 = Debug|Win32
		{E266D361-EA18-4F90-AB73-F1BCC60D759C}.Release|Win32.ActiveCfg = Release|Win32
		{E266D361-EA18-4F90-AB73-F1BCC60D759C}.Release|Win32.Build.0 = Release|Win32
		{98E7DC60-7405-47E1-BBEE-DD340C3BCF49}.Debug|Win32.ActiveCfg = Debug|Win32
		{98E7DC60-7405-47E1-BBEE-DD340C3BCF49}.Debug|Win32.Build.0 = Debug|Win32
		{98E7DC60-7405-47E1-BBEE-DD340C3BCF49}.Release|Win32.ActiveCfg = Release|Win32
		{98E7DC60-7405-47E1-BBEE-DD340C3BCF49}.Release|Win32.Build.0 = Release|Win32
		{5C6644CD-C3E7-4AD2-8FC9-EBFBE470DF42}.Debug|Win32.ActiveCfg = Debug|Win32
		{5C6644CD-C3E7-4AD2-8FC9-EBFBE470DF42}.Debug|Win32.Build.0 = Debug|Win32
		{5C6644CD-C3E7-4AD2-8FC9-EBFBE470DF42}.Release|Win32.ActiveCfg = Release|Win32
		{5C6644CD-C3E7-4AD2-8FC9-EBFBE470DF42}.Release|Win32.Build.0 = Release|Win32
		{9E9DDA28-BD18-49E8-9558-2C571C770ED6}.Debug|Win32.ActiveCfg = Debug|Win32
		{9E9DDA28-BD18-49E8-9558-2C571C770ED6}.Debug|Win32.Build.0 = Debug|Win32
		{9E9DDA28-BD18-49E8-9558-2C571C770ED6}.Release|Win32.ActiveCfg = Release|Win32
		{9E9DDA28-BD18-49E8-9558-2C571C770ED6}.Release|Win32.Build.0 = Release|Win32
		{4CC16CE4-EE51-4E61-86D9-AF83C2360220}.Debug|Win32.ActiveCfg = Debug|Win32
		{4CC16CE4-EE51-4E61-86D9-AF83C2360220}.Debug|Win32.Build.0 = Debug|Win32
		{4CC16CE4-EE51-4E61-86D9-AF83C2360220}.Release|Win32.ActiveCfg = Release|Win32
		{4CC16CE4-EE51-4E61-86D9-AF83C2360220}.Release|Win32.Build.0 = Release|Win32
		{A893D556-7E51-4649-9BF8-394DA546D168}.Debug|Win32.ActiveCfg = Debug|Win32
		{A893D556-7E51-4649-9BF8-394DA546D168}.Debug|Win32.Build.0 = Debug|Win32
		{A893D556-7E51-4649-9BF8-394DA546D168}.Release|Win32.ActiveCfg = Release|Win32
		{A893D556-7E51-4649-9BF8-394DA546D168}.Release|Win32.Build.0 = Release|Win32
		{B541171D-F466-4B5E-B57C-3B06BB36D2B4}.Debug|Win32.ActiveCfg = Debug|Win32
		{B541171D-F466-4B5E-B57C-3B06BB36D2B4}.Debug|Win32.Build.0 = Debug|Win32
		{B541171D-F466-4B5E-B57C-3B06BB36D2B4}.Release|Win32.ActiveCfg = Release|Win32
		{B541171D-F466-4B5E-B57C-3B06BB36D2B4}.Release|Win32.Build.0 = Release|Win32
		{25AE0E69-8EBD-489C-A905-F52D4866FF1B}.Debug|Win32.ActiveCfg = Debug|Win32
		{25AE0E69-8EBD-489C-A905-F52D4866FF1B}.Debug|Win32.Build.0 = Debug|Win32
		{25AE0E69-8EBD-489C-A905-F52D4866FF1B}.Release|Win32.ActiveCfg = Release|Win32
		{25AE0E69-8EBD-489C-A905-F52D4866FF1B}.Release|Win32.Build.0 = Release|Win32
		{8B6584DD-2F59-40FD-8C5A-4C9899D799C3}.Debug|Win32.ActiveCfg = Debug|Win32
		{8B6584DD-2F59-40FD-8C5A-4C9899D799C3}.Debug|Win32.Build.0 = Debug|Win32
		{8B6584DD-2F59-40FD-8C5A-4C9899D799C3}.Release|Win32.ActiveCfg = Release|Win32
		{8B6584DD-2F59-40FD-8C5A-4C9899D799C3}.Release|Win32.Build.0 = Release|Win32
		{EE5E11BB-78AA-453E-88F6-E01E3C2CD04F}.Debug|Win32.ActiveCfg = Debug|Win32
		{EE5E11BB-78AA-453E-88F6-E01E3C2CD04F}.Debug|Win32.Build.0 = Debug|Win32
		{EE5E11BB-78AA-453E-88F6-E01E3C2CD04F}.Release|Win32.ActiveCfg = Release|Win32
		{EE5E11BB-78AA-453E-88F6-E01E3C2CD04F}.Release|Win32.Build.0 = Release|Win32
		{C5EE2F71-F44F-4286-93AC-FD08D122DDA0}.Debug|Win32.ActiveCfg = Debug|Win32
		{C5EE2F71-F44F-4286-93AC-FD08D122DDA0}.Debug|Win32.Build.0 = Debug|Win32
		{C5EE2F71-F44F-4286-93AC-FD08D122DDA0}.Release|Win32.ActiveCfg = Release|Win32
		{C5EE2F71-F44F-4286-93AC-FD08D122DDA0}.Release|Win32.Build.0 = Release|Win32
		{4FF42F83-D316-4CC3-BACA-B27358A82D3F}.Debug|Win32.ActiveCfg = Debug|Win32
		{4FF42F83-D316-4CC3-BACA-B27358A82D3F}.Debug|Win32.Build.0 = Debug|Win32
		{4FF42F83-D316-4CC3-BACA-B27358A82D3F}.Release|Win32.ActiveCfg = Release|Win32
		{4FF42F83-D316-4CC3-BACA-B27358A82D3F}.Release|Win32.Build.0 = Release|Win32
		{8252A77A-0243-4786-9F68-DDC10D7FD605}.Debug|Win32.ActiveCfg = Debug|Win32
		{8252A77A-0243-4786-9F68-DDC10D7FD605}.Debug|Win32.Build.0 = Debug|Win32
		{8252A77A-0243-4786-9F68-DDC10D7FD605}.Release|Win32.ActiveCfg = Release|Win32
		{8252A77A-0243-4786-9F68-DDC10D7FD605}.Release|Win32.Build.0 = Release|Win32
		{C907F18B-718C-4A16-87D8-E5C0E14A31F8}.Debug|Win32.ActiveCfg = Debug|Win32
		{C907F18B-718C-4A16-87D8-E5C0E14A31F8}.Debug|Win32.Build.0 = Debug|Win32
		{C907F18B-718C-4A16-87D8-E5C0E14A31F8}.Release|Win32.ActiveCfg = Release|Win32
		{C907F18B-718C-4A16-87D8-E5C0E14A31F8}.Release|Win32.Build.0 = Release|Win32
		{78A27120-A147-4003-9CAD-6EA60B168E80}.Debug|Win32.ActiveCfg = Debug|Win32
		{78A27120-A147-4003-9CAD-6EA60B168E80}.Debug|Win32.Build.0 = Debug|Win32
		{78A27120-A147-4003-9CAD-6EA60B168E80}.Release|Win32.ActiveCfg = Release|Win32
		{78A27120-A147-4003-9CAD-6EA60B168E80}.Release|Win32.Build.0 = Release|Win32
		{7FC47670-5075-48F7-A13C-5EC06BE8A77E}.Debug|Win32.ActiveCfg = Debug|Win32
		{7FC47670-5075-48F7-A13C-5EC06BE8A77E}.Debug|Win32.Build.0 = Debug|Win32
		{7FC47670-5075-48F7-A13C-5EC06BE8A77E}.Release|Win32.ActiveCfg = Release|Win32
		{7FC47670-5075-48F7-A13C-5EC06BE8A77E}.Release|Win32.Build.0 = Release|Win32
		{264EDDE9-E49E-4159-8642-AA2BBB4C2E28}.Debug|Win32.ActiveCfg = Debug|Win32
		{264EDDE9-E49E-4159-8642-AA2BBB4C2E28}.Debug|Win32.Build.0 = Debug|Win32
		{264EDDE9-E49E-4159-8642-AA2BBB4C2E28}.Release|Win32.ActiveCfg = Release|Win32
		{264EDDE9-E49E-4159-8642-AA2BBB4C2E28}.Release|Win32.Build.0 = Release|Win32
		{9054A8D1-3D66-4FE0-AAC8-025B1557F31B}.Debug|Win32.ActiveCfg = Debug|Win32
		{9054A8D1-3D66-4FE0-AAC8-025B1557F31B}.Debug|Win32.Build.0 = Debug|Win32
		{9054A8D1-3D66-4FE0-AAC8-025B1557F31B}.Release|Win32.ActiveCfg = Release|Win32
		{9054A8D1-3D66-4FE0-AAC8-025B1557F31B}.Release|Win32.Build.0 = Release|Win32
		{00BD282E-3394-4AC3-9FEF-5C7B74DB5512}.Debug|Win32.ActiveCfg = Debug|Win32
		{00BD282E-3394-4AC3-9FEF-5C7B74DB5512}.Debug|Win32.Build.0 = Debug|Win32
		{00BD282E-3394-4AC3-9FEF-5C7B74DB5512}.Release|Win32.ActiveCfg = Release|Win32
		{00BD282E-3394-4AC3-9FEF-5C7B74DB5512}.Release|Win32.Build.0 = Release|Win32
		{C84DBBF0-744D-40CF-BB0F-74954A13F1F5}.Debug|Win32.ActiveCfg = Debug|Win32
		{C84DBBF0-744D-40CF-BB0F-74954A13F1F5}.Debug|Win32.Build.0 = Debug|Win32
		{C84DBBF0-744D-40CF-BB0F-74954A13F1F5}.Release|Win32.ActiveCfg = Release|Win32
		{C84DBBF0-744D-40CF-BB0F-74954A13F1F5}.Release|Win32.Build.0 = Release|Win32
		{1F3994A8-8B30-455B-8005-332FF63308C8}.Debug|Win32.ActiveCfg = Debug|Win32
		{1F3994A8-8B30-455B-8005-332FF63308C8}.Debug|Win32.Build.0 = Debug|Win32
		{1F3994A8-8B30-455B-8005-332FF63308C8}.Release|Win32.ActiveCfg = Release|Win32
		{1F3994A8-8B30-455B-8005-332FF63308C8}.Release|Win32.Build.0 = Release|Win32
		{7EA7FE94-09C0-4ABA-832E-193355045772}.Debug|Win32.ActiveCfg = Debug|Win32
		{7EA7FE94-09C0-4ABA-832E-193355045772}.Debug|Win32.Build.0 = Debug|Win32
		{7EA7FE94-09C0-4ABA-832E-193355045772}.Release|Win32.ActiveCfg = Release|Win32
		{7EA7FE94-09C0-4ABA-832E-193355045772}.Release|Win32.Build.0 = Release|Win32
		{6311268E-C472-41E0-BDDC-68A2C8346DCD}.Debug|Win32.ActiveCfg = Debug|Win32
		{6311268E-C472-41E0-BDDC-68A2C8346DCD}.Debug|Win32.Build.0 = Debug|Win32
		{6311268E-C472-41E0-BDDC-68A2C8346DCD}.Release|Win32.ActiveCfg = Release|Win32
		{6311268E-C472-41E0-BDDC-68A2C8346DCD}.Release|Win32.Build.0 = Release|Win32
		{0D2BA2F1-8566-43F3-BE23-F59F5C827460}.Debug|Win32.ActiveCfg = Debug|Win32
		{0D2BA2F1-8566-43F3-BE23-F59F5C827460}.Debug|Win32.Build.0 = Debug|Win32
		{0D2BA2F1-8566-43F3-BE23-F59F5C827460}.Release|Win32.ActiveCfg = Release|Win32
		{0D2BA2F1-8566-43F3-BE23-F59F5C827460}.Release|Win32.Build.0 = Release|Win32
		{3205BFCE-AC39-4A17-BA54-AFD176C2384C}.Debug|Win32.ActiveCfg = Debug|Win32
		{3205BFCE-AC39-4A17-BA54-AFD176C2384C}.Debug|Win32.Build.0 = Debug|Win32
		{3205BFCE-AC39-4A17-BA54-AFD176C2384C}.Release|Win32.ActiveCfg = Release|Win32
		{3205BFCE-AC39-4A17-BA54-AFD176C2384C}.Release|Win32.Build.0 = Release|Win32
		{99AAA3FE-562E-493F-BD28-3D82555AD2FA}.Debug|Win32.ActiveCfg = Debug|Win32
		{99AAA3FE-562E-493F-BD28-3D82555AD2FA}.Debug|Win32.Build.0 = Debug|Win32
		{99AAA3FE-562E-493F-BD28-3D82555AD2FA}.Release|Win32.ActiveCfg = Release|Win32
		{99AAA3FE-562E-493F-BD28-3D82555AD2FA}.Release|Win32.Build.0 = Release|Win32
		{4155E00B-CDEA-4381-9015-03B1020DD3D1}.Debug|Win32.ActiveCfg = Debug|Win32
		{4155E00B-CDEA-4381-9015-03B1020DD3D1}.Debug|Win32.Build.0 = Debug|Win32
		{4155E00B-CDEA-4381-9015-03B1020DD3D1}.Release|Win32.ActiveCfg = Release|Win32
		{4155E00B-CDEA-4381-9015-03B1020DD3D1}.Release|Win32.Build.0 = Release|Win32
		{ED4619EB-FC72-436D-B7F5-4CE6D3679AFB}.Debug|Win32.ActiveCfg = Debug|Win32
		{ED4619EB-FC72-436D-B7F5-4CE6D3679AFB}.Debug|Win32.Build.0 = Debug|Win32
		{ED4619EB-FC72-436D-B7F5-4CE6D3679AFB}.Release|Win32.ActiveCfg = Release|Win32
		{ED4619EB-FC72-436D-B7F5-4CE6D3679AFB}.Release|Win32.Build.0 = Release|Win32
		{9517DFB0-D7B1-457C-BB46-B577AFF70718}.Debug|Win32.ActiveCfg = Debug|Win32
		{9517DFB0-D7B1-457C-BB46-B577AFF70718}.Debug|Win32.Build.0 = Debug|Win32
		{9517DFB0-D7B1-457C-BB46-B577AFF70718}.Release|Win32.ActiveCfg = Release|Win32
		{9517DFB0-D7B1-457C-BB46-B577AFF70718}.Release|Win32.Build.0 = Release|Win32
		{5606DBE2-1F40-4ECA-B53D-FF7141D36F57}.Debug|Win32.ActiveCfg = Debug|Win32
		{5606DBE2-1F40-4ECA-B53D-FF7141D36F57}.Debug|Win32.Build.0 = Debug|Win32
		{5606DBE2-1F40-4ECA-B53D-FF7141D36F57}.Release|Win32.ActiveCfg = Release|Win32
		{5606DBE2-1F40-4ECA-B53D-FF7141D36F57}.Release|Win32.Build.0 = Release|Win32
		{8BFAAF43-2E87-4DE5-891C-AC07757761E7}.Debug|Win32.ActiveCfg = Debug|Win32
		{8BFAAF43-2E87-4DE5-891C-AC07757761E7}.Debug|Win32.Build.0 = Debug|Win32
		{8BFAAF43-2E87-4DE5-891C-AC07757761E7}.Release|Win32.ActiveCfg = Release|Win32
		{8BFAAF43-2E87-4DE5-891C-AC07757761E7}.Release|Win32.Build.0 = Release|Win32
		{4396D6AE-FE9D-46F2-A070-819B770C5691}.Debug|Win32.ActiveCfg = Debug|Win32
		{4396D6AE-FE9D-46F2-A070-819B770C5691}.Debug|Win32.Build.0 = Debug|Win32
		{4396D6AE-FE9D-46F2-A070-819B770C5691}.Release|Win32.ActiveCfg = Release|Win32
		{4396D6AE-FE9D-46F2-A070-819B770C5691}.Release|Win32.Build.0 = Release|Win32
		{ACD74663-2A54-4195-B824-1FD1D26B1C11}.Debug|Win32.ActiveCfg = Debug|Win32
		{ACD74663-2A54-4195-B824-1FD1D26B1C11}.Debug|Win32.Build.0 = Debug|Win32
		{ACD74663-2A54-4195-B824-1FD1D26B1C11}.Release|Win32.ActiveCfg = Release|Win32
		{ACD74663-2A54-4195-B824-1FD1D26B1C11}.Release|Win32.Build.0 = Release|Win32
		{B7A2F77E-16C5-4394-83AA-3FA14038E1CC}.Debug|Win32.ActiveCfg = Debug|Win32
		{B7A2F77E-16C5-4394-83AA-3FA14038E1CC}.Debug|Win32.Build.0 = Debug|Win32
		{B7A2F77E-16C5-4394-83AA-3FA14038E1CC}.Release|Win32.ActiveCfg = Release|Win32
		{B7A2F77E-16C5-4394-83AA-3FA14038E1CC}.Release|Win32.Build.0 = Release|Win32
		{07DF64EB-82C5-4823-BAD9-34700EC2E532}.Debug|Win32.ActiveCfg = Debug|Win32
		{07DF64EB-82C5-4823-BAD9-34700EC2E532}.Debug|Win32.Build.0 = Debug|Win32
		{07DF64EB-82C5-4823-BAD9-34700EC2E532}.Release|Win32.ActiveCfg = Release|Win32
		{07DF64EB-82C5-4823-BAD9-34700EC2E532}.Release|Win32.Build.0 = Release|Win32
		{088FE052-0EF4-49C6-8DB1-54564E4B769A}.Debug|Win32.ActiveCfg = Debug|Win32
		{088FE052-0EF4-49C6-8DB1-54564E4B769A}.Debug|Win32.Build.0 = Debug|Win32
		{088FE052-0EF4-49C6-8DB1-54564E4B769A}.Release|Win32.ActiveCfg = Release|Win32
		{088FE052-0EF4-49C6-8DB1-54564E4B769A}.Release|Win32.Build.0 = Release|Win32
		{FD9162ED-7F9F-4497-8172-E98566375FF8}.Debug|Win32.ActiveCfg = Debug|Win32
		{FD9162ED-7F9F-4497-8172-E98566375FF8}.Debug|Win32.Build.0 = Debug|Win32
		{FD9162ED-7F9F-4497-8172-E98566375FF8}.Release|Win32.ActiveCfg = Release|Win32
		{FD9162ED-7F9F-4497-8172-E98566375FF8}.Release|Win32.Build.0 = Release|Win32
		{BAED2EAE-C5A5-4087-91DF-3B4A2940CC31}.Debug|Win32.ActiveCfg = Debug|Win32
		{BAED2EAE-C5A5-4087-91DF-3B4A2940CC31}.Debug|Win32.Build.0 = Debug|Win32
		{BAED2EAE-C5A5-4087-91DF-3B4A2940CC31}.Release|Win32.ActiveCfg = Release|Win32
		{BAED2EAE-C5A5-4087-91DF-3B4A2940CC31}.Release|Win32.Build.0 = Release|Win32
		{5D6D3336-9E3E-42DB-B00B-9294E6C9E5D2}.Debug|Win32.ActiveCfg = Debug|Win32
		{5D6D3336-9E3E-42DB-B00B-9294E6C9E5D2}.Debug|Win32.Build.0 = Debug|Win32
		{5D6D3336-9E3E-42DB-B00B-9294E6C9E5D2}.Release|Win32.ActiveCfg = Release|Win32
		{5D6D3336-9E3E-42DB-B00B-9294E6C9E5D2}.Release|Win32.Build.0 = Release|Win32
		{3E5E234A-945B-4730-88C5-6445401B27AD}.Debug|Win32.ActiveCfg = Debug|Win32
		{3E5E234A-945B-4730-88C5-6445401B27AD}.Debug|Win32.Build.0 = Debug|Win32
		{3E5E234A-945B-4730-88C5-6445401B27AD}.Release|Win32.ActiveCfg = Release|Win32
		{3E5E234A-945B-4730-88C5-6445401B27AD}.Release|Win32.Build.0 = Release|Win32
		{4438E2FD-2DEA-4EB5-B268-DDDCDB64548F}.Debug|Win32.ActiveCfg = Debug|Win32
		{4438E2FD-2DEA-4EB5-B268-DDDCDB64548F}.Debug|Win32.Build.0 = Debug|Win32
		{4438E2FD-2DEA-4EB5-B268-DDDCDB64548F}.Release|Win32.ActiveCfg = Release|Win32
		{4438E2FD-2DEA-4EB5-B268-DDDCDB64548F}.Release|Win32.Build.0 = Release|Win32
		{8D2AA0DC-337F-4E3E-BA45-9BE89F7E4407}.Debug|Win32.ActiveCfg = Debug|Win32
		{8D2AA0DC-337F-4E3E-BA45-9BE89F7E4407}.Debug|Win32.Build.0 = Debug|Win32
		{8D2AA0DC-337F-4E3E-BA45-9BE89F7E4407}.Release|Win32.ActiveCfg = Release|Win32
		{8D2AA0DC-337F-4E3E-BA45-9BE89F7E4407}.Release|Win32.Build.0 = Release|Win32
		{A0F87FBF-2558-4EE2-ABAF-AE1E8D8E66C6}.Debug|Win32.ActiveCfg = Debug|Win32
		{A0F87FBF-2558-4EE2-ABAF-AE1E8D8E66C6}.Debug|Win32.Build.0 = Debug|Win32
		{A0F87FBF-2558-4EE2-ABAF-AE1E8D8E66C6}.Release|Win32.ActiveCfg = Release|Win32
		{A0F87FBF-2558-4EE2-ABAF-AE1E8D8E66C6}.Release|Win32.Build.0 = Release|Win32
		{8BA7CABC-38A0-401B-A2E4-22B6D004D8DB}.Debug|Win32.ActiveCfg = Debug|Win32
		{8BA7CABC-38A0-401B-A2E4-22B6D004D8DB}.Debug|Win32.Build.0 = Debug|Win32
		{8BA7CABC-38A0-401B-A2E4-22B6D004D8DB}.Release|Win32.ActiveCfg = Release|Win32
		{8BA7CABC-38A0-401B-A2E4-22B6D004D8DB}.Release|Win32.Build.0 = Release|Win32
		{67786C81-A6C5-4299-9A81-91C990042A3A}.Debug|Win32.ActiveCfg = Debug|Win32
		{67786C81-A6C5-4299-9A81-91C990042A3A}.Debug|Win32.Build.0 = Debug|Win32
		{67786C81-A6C5-4299-9A81-91C990042A3A}.Release|Win32.ActiveCfg = Release|Win32
		{67786C81-A6C5-4299-9A81-91C990042A3A}.Release|Win32.Build.0 = Release|Win32
		{93736770-B8FA-4CAC-8B08-C5E1E952D3D6}.Debug|Win32.ActiveCfg = Debug|Win32
		{93736770-B8FA-4CAC-8B08-C5E1E952D3D6}.Debug|Win32.Build.0 = Debug|Win32
		{93736770-B8FA-4CAC-8B08-C5E1E952D3D6}.Release|Win32.ActiveCfg = Release|Win32
		{93736770-B8FA-4CAC-8B08-C5E1E952D3D6}.Release|Win32.Build.0 = Release|Win32
		{EF98AB25-4CEB-41FD-93D2-CFC2FBCA2DAB}.Debug|Win32.ActiveCfg = Debug|Win32
		{EF98AB25-4CEB-41FD-93D2-CFC2FBCA2DAB}.Debug|Win32.Build.0 = Debug|Win32
		{EF98AB25-4CEB-41FD-93D2-CFC2FBCA2DAB}.Release|Win32.ActiveCfg = Release|Win32
		{EF98AB25-4CEB-41FD-93D2-CFC2FBCA2DAB}.Release|Win32.Build.0 = Release|Win32
		{C89BD37D-E3CF-43C6-AB55-323946884D70}.Debug|Win32.ActiveCfg = Debug|Win32
		{C89BD37D-E3CF-43C6-AB55-323946884D70}.Debug|Win32.Build.0 = Debug|Win32
		{C89BD37D-E3CF-43C6-AB55-323946884D70}.Release|Win32.ActiveCfg = Release|Win32
		{C89BD37D-E3CF-43C6-AB55-323946884D70}.Release|Win32.Build.0 = Release|Win32
		{60B1762A-B217-4224-B964-553490460A19}.Debug|Win32.ActiveCfg = Debug|Win32
		{60B1762A-B217-4224-B964-553490460A19}.Debug|Win32.Build.0 = Debug|Win32
		{60B1762A-B217-4224-B964-553490460A19}.Release|Win32.ActiveCfg = Release|Win32
		{60B1762A-B217-4224-B964-553490460A19}.Release|Win32.Build.0 = Release|Win32
		{597095F5-AFF6-437F-AA0F-7B837D85EB96}.Debug|Win32.ActiveCfg = Debug|Win32
		{597095F5-AFF6-437F-AA0F-7B837D85EB96}.Debug|Win32.Build.0 = Debug|Win32
		{597095F5-AFF6-437F-AA0F-7B837D85EB96}.Release|Win32.ActiveCfg = Release|Win32
		{597095F5-AFF6-437F-AA0F-7B837D85EB96}.Release|Win32.Build.0 = Release|Win32
		{D6F8544A-DBE3-407B-977B-83A323559CDF}.Debug|Win32.ActiveCfg = Debug|Win32
		{D6F8544A-DBE3-407B-977B-83A323559CDF}.Debug|Win32.Build.0 = Debug|Win32
		{D6F8544A-DBE3-407B-977B-83A323559CDF}.Release|Win32.ActiveCfg = Release|Win32
		{D6F8544A-DBE3-407B-977B-83A323559CDF}.Release|Win32.Build.0 = Release|Win32
		{9C0F850B-7441-40A1-86F0-5364B44CD378}.Debug|Win32.ActiveCfg = Debug|Win32
		{9C0F850B-7441-40A1-86F0-5364B44CD378}.Debug|Win32.Build.0 = Debug|Win32
		{9C0F850B-7441-40A1-86F0-5364B44CD378}.Release|Win32.ActiveCfg = Release|Win32
		{9C0F850B-7441-40A1-86F0-5364B44CD378}.Release|Win32.Build.0 = Release|Win32
		{71B0A4EE-E5FB-4BBA-85DF-9E8959F41E42}.Debug|Win32.ActiveCfg = Debug|Win32
		{71B0A4EE-E5FB-4BBA-85DF-9E8959F41E42}.Debug|Win32.Build.0 = Debug|Win32
		{71B0A4EE-E5FB-4BBA-85DF-9E8959F41E42}.Release|Win32.ActiveCfg = Release|Win32
		{71B0A4EE-E5FB-4BBA-85DF-9E8959F41E42}.Release|Win32.Build.0 = Release|Win32
		{49FE060F-1317-44B7-BC71-E94EDD7FC99F}.Debug|Win32.ActiveCfg = Debug|Win32
		{49FE060F-1317-44B7-BC71-E94EDD7FC99F}.Debug|Win32.Build.0 = Debug|Win32
		{49FE060F-1317-44B7-BC71-E94EDD7FC99F}.Release|Win32.ActiveCfg = Release|Win32
		{49FE060F-1317-44B7-BC71-E94EDD7FC99F}.Release|Win32.Build.0 = Release|Win32
		{5C94C0F8-25BB-408B-9277-2BB2277CFD61}.Debug|Win32.ActiveCfg = Debug|Win32
		{5C94C0F8-25BB-408B-9277-2BB2277CFD61}.Debug|Win32.Build.0 = Debug|Win32
		{5C94C0F8-25BB-408B-9277-2BB2277CFD61}.Release|Win32.ActiveCfg = Release|Win32
		{5C94C0F8-25BB-408B-9277-2BB2277CFD61}.Release|Win32.Build.0 = Release|Win32
		{3C05C730-77EB-4832-BE74-2E04F3F2DC7D}.Debug|Win32.ActiveCfg = Debug|Win32
		{3C05C730-77EB-4832-BE74-2E04F3F2DC7D}.Debug|Win32.Build.0 = Debug|Win32
		{3C05C730-77EB-4832-BE74-2E04F3F2DC7D}.Release|Win32.ActiveCfg = Release|Win32
		{3C05C730-77EB-4832-BE74-2E04F3F2DC7D}.Release|Win32.Build.0 = Release|Win32
		{3D301DEF-E25B-4409-A6B8-E9C9E1BC1A6D}.Debug|Win32.ActiveCfg = Debug|Win32
		{3D301DEF-E25B-4409-A6B8-E9C9E1BC1A6D}.Debug|Win32.Build.0 = Debug|Win32
		{3D301DEF-E25B-4409-A6B8-E9C9E1BC1A6D}.Release|Win32.ActiveCfg = Release|Win32
		{3D301DEF-E25B-4409-A6B8-E9C9E1BC1A6D}.Release|Win32.Build.0 = Release|Win32
		{8A71ADBD-BFB4-45B4-9744-3B4BC7688B90}.Debug|Win32.ActiveCfg = Debug|Win32
		{8A71ADBD-BFB4-45B4-9744-3B4BC7688B90}.Debug|Win32.Build.0 = Debug|Win32
		{8A71ADBD-BFB4-45B4-9744-3B4BC7688B90}.Release|Win32.ActiveCfg = Release|Win32
		{8A71ADBD-BFB4-45B4-9744-3B4BC7688B90}.Release|Win32.Build.0 = Release|Win32
		{CB4E11C0-B1C4-4E6A-8C81-E3DF7750A769}.Debug|Win32.ActiveCfg = Debug|Win32
		{CB4E11C0-B1C4-4E6A-8C81-E3DF7750A769}.Debug|Win32.Build.0 = Debug|Win32
		{CB4E11C0-B1C4-4E6A-8C81-E3DF7750A769}.Release|Win32.ActiveCfg = Release|Win32
		{CB4E11C0-B1C4-4E6A-8C81-E3DF7750A769}.Release|Win32.Build.0 = Release|Win32
		{CFED11D3-9AD3-40CB-9971-07F0D5C51CA1}.Debug|Win32.ActiveCfg = Debug|Win32
		{CFED11D3-9AD3-40CB-9971-07F0D5C51CA1}.Debug|Win32.Build.0 = Debug|Win32
		{CFED11D3-9AD3-40CB-9971-07F0D5C51CA1}.Release|Win32.ActiveCfg = Release|Win32
		{CFED11D3-9AD3-40CB-9971-07F0D5C51CA1}.Release|Win32.Build.0 = Release|Win32
		{22F9DAFE-7B00-494C-9992-7DAA7894E5D5}.Debug|Win32.ActiveCfg = Debug|Win32
		{22F9DAFE-7B00-494C-9992-7DAA7894E5D5}.Debug|Win32.Build.0 = Debug|Win32
		{22F9DAFE-7B00-494C-9992-7DAA7894E5D5}.Release|Win32.ActiveCfg = Release|Win32
		{22F9DAFE-7B00-494C-9992-7DAA7894E5D5}.Release|Win32.Build.0 = Release|Win32
		{62A0537C-35D6-4A06-AF7F-4D630B4AF3D0}.Debug|Win32.ActiveCfg = Debug|Win32
		{62A0537C-35D6-4A06-AF7F-4D630B4AF3D0}.Debug|Win32.Build.0 = Debug|Win32
		{62A0537C-35D6-4A06-AF7F-4D630B4AF3D0}.Release|Win32.ActiveCfg = Release|Win32
		{62A0537C-35D6-4A06-AF7F-4D630B4AF3D0}.Release|Win32.Build.0 = Release|Win32
		{F402E783-834D-4D2B-B2E5-026B5AFA2CF1}.Debug|Win32.ActiveCfg = Debug|Win32
		{F402E783-834D-4D2B-B2E5-026B5AFA2CF1}.Debug|Win32.Build.0 = Debug|Win32
		{F402E783-834D-4D2B-B2E5-026B5AFA2CF1}.Release|Win32.ActiveCfg = Release|Win32
		{F402E783-834D-4D2B-B2E5-026B5AFA2CF1}.Release|Win32.Build.0 = Release|Win32
		{281FC1BE-4AE8-48FA-9610-C02FF214F96E}.Debug|Win32.ActiveCfg = Debug|Win32
		{281FC1BE-4AE8-48FA-9610-C02FF214F96E}.Debug|Win32.Build.0 = Debug|Win32
		{281FC1BE-4AE8-48FA-9610-C02FF214F96E}.Release|Win32.ActiveCfg = Release|Win32
		{281FC1BE-4AE8-48FA-9610-C02FF214F96E}.Release|Win32.Build.0 = Release|Win32
		{C08D3D6F-B4C0-486B-965E-0A72A52B029F}.Debug|Win32.ActiveCfg = Debug|Win32
		{C08D3D6F-B4C0-486B-965E-0A72A52B029F}.Debug|Win32.Build.0 = Debug|Win32
		{C08D3D6F-B4C0-486B-965E-0A72A52B029F}.Release|Win32.ActiveCfg = Release|Win32
		{C08D3D6F-B4C0-486B-965E-0A72A52B029F}.Release|Win32.Build.0 = Release|Win32
		{53810E65-3993-497C-9C21-C699B927E628}.Debug|Win32.ActiveCfg = Debug|Win32
		{53810E65-3993-497C-9C21-C699B927E628}.Debug|Win32.Build.0 = Debug|Win32
		{53810E65-3993-497C-9C21-C699B927E628}.Release|Win32.ActiveCfg = Release|Win32
		{53810E65-3993-497C-9C21-C699B927E628}.Release|Win32.Build.0 = Release|Win32
		{E6F3E538-30B5-47D3-BA1F-84CBA1AB3AD7}.Debug|Win32.ActiveCfg = Debug|Win32
		{E6F3E538-30B5-47D3-BA1F-84CBA1AB3AD7}.Debug|Win32.Build.0 = Debug|Win32
		{E6F3E538-30B5-47D3-BA1F-84CBA1AB3AD7}.Release|Win32.ActiveCfg = Release|Win32
		{E6F3E538-30B5-47D3-BA1F-84CBA1AB3AD7}.Release|Win32.Build.0 = Release|Win32
		{595071D8-58CB-4698-9FC2-6B77C713CFDF}.Debug|Win32.ActiveCfg = Debug|Win32
		{595071D8-58CB-4698-9FC2-6B77C713CFDF}.Debug|Win32.Build.0 = Debug|Win32
		{595071D8-58CB-4698-9FC2-6B77C713CFDF}.Release|Win32.ActiveCfg = Release|Win32
		{595071D8-58CB-4698-9FC2-6B77C713CFDF}.Release|Win32.Build.0 = Release|Win32
		{CBFEAF7E-7197-45DC-9315-EEBC406F35AE}.Debug|Win32.ActiveCfg = Debug|Win32
		{CBFEAF7E-7197-45DC-9315-EEBC406F35AE}.Debug|Win32.Build.0 = Debug|Win32
		{CBFEAF7E-7197-45DC-9315-EEBC406F35AE}.Release|Win32.ActiveCfg = Release|Win32
		{CBFEAF7E-7197-45DC-9315-EEBC406F35AE}.Release|Win32.Build.0 = Release|Win32
		{254A5B05-DB48-4804-A1CE-AC4A0DD51F56}.Debug|Win32.ActiveCfg = Debug|Win32
		{254A5B05-DB48-4804-A1CE-AC4A0DD51F56}.Debug|Win32.Build.0 = Debug|Win32
		{254A5B05-DB48-4804-A1CE-AC4A0DD51F56}.Release|Win32.ActiveCfg = Release|Win32
		{254A5B05-DB48-4804-A1CE-AC4A0DD51F56}.Release|Win32.Build.0 = Release|Win32
		{18737798-09C3-4F2A-932E-287896B4851C}.Debug|Win32.ActiveCfg = Debug|Win32
		{18737798-09C3-4F2A-932E-287896B4851C}.Debug|Win32.Build.0 = Debug|Win32
		{18737798-09C3-4F2A-932E-287896B4851C}.Release|Win32.ActiveCfg = Release|Win32
		{18737798-09C3-4F2A-932E-287896B4851C}.Release|Win32.Build.0 = Release|Win32
		{84CA3977-D52E-4069-B6EF-184F8482C6F6}.Debug|Win32.ActiveCfg = Debug|Win32
		{84CA3977-D52E-4069-B6EF-184F8482C6F6}.Debug|Win32.Build.0 = Debug|Win32
		{84CA3977-D52E-4069-B6EF-184F8482C6F6}.Release|Win32.ActiveCfg = Release|Win32
		{84CA3977-D52E-4069-B6EF-184F8482C6F6}.Release|Win32.Build.0 = Release|Win32
		{65B8CA61-2579-4CE5-A85A-FF671A992995}.Debug|Win32.ActiveCfg = Debug|Win32
		{65B8CA61-2579-4CE5-A85A-FF671A992995}.Debug|Win32.Build.0 = Debug|Win32
		{65B8CA61-2579-4CE5-A85A-FF671A992995}.Release|Win32.ActiveCfg = Release|Win32
		{65B8CA61-2579-4CE5-A85A-FF671A992995}.Release|Win32.Build.0 = Release|Win32
		{AC712A8F-9838-42E7-96EB-6EA352D2D037}.Debug|Win32.ActiveCfg = Debug|Win32
		{AC712A8F-9838-42E7-96EB-6EA352D2D037}.Debug|Win32.Build.0 = Debug|Win32
		{AC712A8F-9838-42E7-96EB-6EA352D2D037}.Release|Win32.ActiveCfg = Release|Win32
		{AC712A8F-9838-42E7-96EB-6EA352D2D037}.Release|Win32.Build.0 = Release|Win32
		{EAFE4938-3F85-463B-AB13-4544AA67BB5A}.Debug|Win32.ActiveCfg = Debug|Win32
		{EAFE4938-3F85-463B-AB13-4544AA67BB5A}.Debug|Win32.Build.0 = Debug|Win32
		{EAFE4938-3F85-463B-AB13-4544AA67BB5A}.Release|Win32.ActiveCfg = Release|Win32
		{EAFE4938-3F85-463B-AB13-4544AA67BB5A}.Release|Win32.Build.0 = Release|Win32
		{CB8CCFFC-D62C-41B3-8F67-32D6D995A717}.Debug|Win32.ActiveCfg = Debug|Win32
		{CB8CCFFC-D62C-41B3-8F67-32D6D995A717}.Debug|Win32.Build.0 = Debug|Win32
		{CB8CCFFC-D62C-41B3-8F67-32D6D995A717}.Release|Win32.ActiveCfg = Release|Win32
		{CB8CCFFC-D62C-41B3-8F67-32D6D995A717}.Release|Win32.Build.0 = Release|Win32
		{00F22CA4-982A-45E3-9D51-05E5901E3E86}.Debug|Win32.ActiveCfg = Debug|Win32
		{00F22CA4-982A-45E3-9D51-05E5901E3E86}.Debug|Win32.Build.0 = Debug|Win32
		{00F22CA4-982A-45E3-9D51-05E5901E3E86}.Release|Win32.ActiveCfg = Release|Win32
		{00F22CA4-982A-45E3-9D51-05E5901E3E86}.Release|Win32.Build.0 = Release|Win32
		{5744380B-6B70-460F-BDF6-18782A782CBB}.Debug|Win32.ActiveCfg = Debug|Win32
		{5744380B-6B70-460F-BDF6-18782A782CBB}.Debug|Win32.Build.0 = Debug|Win32
		{5744380B-6B70-460F-BDF6-18782A782CBB}.Release|Win32.ActiveCfg = Release|Win32
		{5744380B-6B70-460F-BDF6-18782A782CBB}.Release|Win32.Build.0 = Release|Win32
		{CF4AC01E-986D-420B-A34F-D5812EC3FCCB}.Debug|Win32.ActiveCfg = Debug|Win32
		{CF4AC01E-986D-420B-A34F-D5812EC3FCCB}.Debug|Win32.Build.0 = Debug|Win32
		{CF4AC01E-986D-420B-A34F-D5812EC3FCCB}.Release|Win32.ActiveCfg = Release|Win32
		{CF4AC01E-986D-420B-A34F-D5812EC3FCCB}.Release|Win32.Build.0 = Release|Win32
		{394935B3-04FA-4493-A4AE-89EB4E77A983}.Debug|Win32.ActiveCfg = Debug|Win32
		{394935B3-04FA-4493-A4AE-89EB4E77A983}.Debug|Win32.Build.0 = Debug|Win32
		{394935B3-04FA-4493-A4AE-89EB4E77A983}.Release|Win32.ActiveCfg = Release|Win32
		{394935B3-04FA-4493-A4AE-89EB4E77A983}.Release|Win32.Build.0 = Release|Win32
		{E1D45EA3-2EC2-4F43-8B73-1C497C55F055}.Debug|Win32.ActiveCfg = Debug|Win32
		{E1D45EA3-2EC2-4F43-8B73-1C497C55F055}.Debug|Win32.Build.0 = Debug|Win32
		{E1D45EA3-2EC2-4F43-8B73-1C497C55F055}.Release|Win32.ActiveCfg = Release|Win32
		{E1D45EA3-2EC2-4F43-8B73-1C497C55F055}.Release|Win32.Build.0 = Release|Win32
		{420332B8-F094-45A8-AF3C-60DB143552B6}.Debug|Win32.ActiveCfg = Debug|Win32
		{420332B8-F094-45A8-AF3C-60DB143552B6}.Debug|Win32.Build.0 = Debug|Win32
		{420332B8-F094-45A8-AF3C-60DB143552B6}.Release|Win32.ActiveCfg = Release|Win32
		{420332B8-F094-45A8-AF3C-60DB143552B6}.Release|Win32.Build.0 = Release|Win32
		{32B5B2EC-6149-4FF9-9938-2539F3F48623}.Debug|Win32.ActiveCfg = Debug|Win32
		{32B5B2EC-6149-4FF9-9938-2539F3F48623}.Debug|Win32.Build.0 = Debug|Win32
		{32B5B2EC-6149-4FF9-9938-2539F3F48623}.Release|Win32.ActiveCfg = Release|Win32
		{32B5B2EC-6149-4FF9-9938-2539F3F48623}.Release|Win32.Build.0 = Release|Win32
		{A1AA3719-7136-434A-AD5F-68D3F9648E86}.Debug|Win32.ActiveCfg = Debug|Win32
		{A1AA3719-7136-434A-AD5F-68D3F9648E86}.Debug|Win32.Build.0 = Debug|Win32
		{A1AA3719-7136-434A-AD5F-68D3F9648E86}.Release|Win32.ActiveCfg = Release|Win32
		{A1AA3719-7136-434A-AD5F-68D3F9648E86}.Release|Win32.Build.0 = Release|Win32
		{E86362A8-CE3B-43A3-B4AF-F82ABBFE8818}.Debug|Win32.ActiveCfg = Debug|Win32
		{E86362A8-CE3B-43A3-B4AF-F82ABBFE8818}.Debug|Win32.Build.0 = Debug|Win32
		{E86362A8-CE3B-43A3-B4AF-F82ABBFE8818}.Release|Win32.ActiveCfg = Release|Win32
		{E86362A8-CE3B-43A3-B4AF-F82ABBFE8818}.Release|Win32.Build.0 = Release|Win32
		{99BD3725-E880-4A96-B00C-0BE9A4149864}.Debug|Win32.ActiveCfg = Debug|Win32
		{99BD3725-E880-4A96-B00C-0BE9A4149864}.Debug|Win32.Build.0 = Debug|Win32
		{99BD3725-E880-4A96-B00C-0BE9A4149864}.Release|Win32.ActiveCfg = Release|Win32
		{99BD3725-E880-4A96-B00C-0BE9A4149864}.Release|Win32.Build.0 = Release|Win32
		{F112CD08-3268-4CC3-B2A6-15BFC96DF15C}.Debug|Win32.ActiveCfg = Debug|Win32
		{F112CD08-3268-4CC3-B2A6-15BFC96DF15C}.Debug|Win32.Build.0 = Debug|Win32
		{F112CD08-3268-4CC3-B2A6-15BFC96DF15C}.Release|Win32.ActiveCfg = Release|Win32
		{F112CD08-3268-4CC3-B2A6-15BFC96DF15C}.Release|Win32.Build.0 = Release|Win32
		{DC52D566-6F67-4C4A-89E3-F32BD2817F6F}.Debug|Win32.ActiveCfg = Debug|Win32
		{DC52D566-6F67-4C4A-89E3-F32BD2817F6F}.Debug|Win32.Build.0 = Debug|Win32
		{DC52D566-6F67-4C4A-89E3-F32BD2817F6F}.Release|Win32.ActiveCfg = Release|Win32
		{DC52D566-6F67-4C4A-89E3-F32BD2817F6F}.Release|Win32.Build.0 = Release|Win32
		{D5615AA6-CB57-4F3E-8B13-8D358FEFFBAB}.Debug|Win32.ActiveCfg = Debug|Win32
		{D5615AA6-CB57-4F3E-8B13-8D358FEFFBAB}.Debug|Win32.Build.0 = Debug|Win32
		{D5615AA6-CB57-4F3E-8B13-8D358FEFFBAB}.Release|Win32.ActiveCfg = Release|Win32
		{D5615AA6-CB57-4F3E-8B13-8D358FEFFBAB}.Release|Win32.Build.0 = Release|Win32
		{3303EAA8-3EB0-4BC4-8CE7-6E31DADC0AF5}.Debug|Win32.ActiveCfg = Debug|Win32
		{3303EAA8-3EB0-4BC4-8CE7-6E31DADC0AF5}.Debug|Win32.Build.0 = Debug|Win32
		{3303EAA8-3EB0-4BC4-8CE7-6E31DADC0AF5}.Release|Win32.ActiveCfg = Release|Win32
		{3303EAA8-3EB0-4BC4-8CE7-6E31DADC0AF5}.Release|Win32.Build.0 = Release|Win32
		{55D9536F-EE67-4A92-B3FD-7E399DF50631}.Debug|Win32.ActiveCfg = Debug|Win32
		{55D9536F-EE67-4A92-B3FD-7E399DF50631}.Debug|Win32.Build.0 = Debug|Win32
		{55D9536F-EE67-4A92-B3FD-7E399DF50631}.Release|Win32.ActiveCfg = Release|Win32
		{55D9536F-EE67-4A92-B3FD-7E399DF50631}.Release|Win32.Build.0 = Release|Win32
		{A84B4951-F80C-49E1-97EE-4CD8F31B3BCA}.Debug|Win32.ActiveCfg = Debug|Win32
		{A84B4951-F80C-49E1-97EE-4CD8F31B3BCA}.Debug|Win32.Build.0 = Debug|Win32
		{A84B4951-F80C-49E1-97EE-4CD8F31B3BCA}.Release|Win32.ActiveCfg = Release|Win32
		{A84B4951-F80C-49E1-97EE-4CD8F31B3BCA}.Release|Win32.Build.0 = Release|Win32
		{9CF681F7-CBB1-4205-A496-E6A26E19AC48}.Debug|Win32.ActiveCfg = Debug|Win32
		{9CF681F7-CBB1-4205-A496-E6A26E19AC48}.Debug|Win32.Build.0 = Debug|Win32
		{9CF681F7-CBB1-4205-A496-E6A26E19AC48}.Release|Win32.ActiveCfg = Release|Win32
		{9CF681F7-CBB1-4205-A496-E6A26E19AC48}.Release|Win32.Build.0 = Release|Win32
		{E07A881D-76AC-4FCB-9EB2-FEAA593D4EB6}.Debug|Win32.ActiveCfg = Debug|Win32
		{E07A881D-76AC-4FCB-9EB2-FEAA593D4EB6}.Debug|Win32.Build.0 = Debug|Win32
		{E07A881D-76AC-4FCB-9EB2-FEAA593D4EB6}.Release|Win32.ActiveCfg = Release|Win32
		{E07A881D-76AC-4FCB-9EB2-FEAA593D4EB6}.Release|Win32.Build.0 = Release|Win32
		{ACCD0245-9B7B-4A78-8CA7-950336F6DED2}.Debug|Win32.ActiveCfg = Debug|Win32
		{ACCD0245-9B7B-4A78-8CA7-950336F6DED2}.Debug|Win32.Build.0 = Debug|Win32
		{ACCD0245-9B7B-4A78-8CA7-950336F6DED2}.Release|Win32.ActiveCfg = Release|Win32
		{ACCD0245-9B7B-4A78-8CA7-950336F6DED2}.Release|Win32.Build.0 = Release|Win32
		{7B932464-73E9-4E27-9EB1-E4CD0FDFFCD7}.Debug|Win32.ActiveCfg = Debug|Win32
		{7B932464-73E9-4E27-9EB1-E4CD0FDFFCD7}.Debug|Win32.Build.0 = Debug|Win32
		{7B932464-73E9-4E27-9EB1-E4CD0FDFFCD7}.Release|Win32.ActiveCfg = Release|Win32
		{7B932464-73E9-4E27-9EB1-E4CD0FDFFCD7}.Release|Win32.Build.0 = Release|Win32
	EndGlobalSection
	GlobalSection(SolutionProperties) = preSolution
		HideSolutionNode = FALSE
	EndGlobalSection
EndGlobal
